// !$*UTF8*$!
{
	archiveVersion = 1;
	classes = {
	};
	objectVersion = 50;
	objects = {

/* Begin PBXBuildFile section */
		22354C1F1A56CF2E0D2156E7 /* Pods_SMS.framework in Frameworks */ = {isa = PBXBuildFile; fileRef = 6389DA4C65B153958AB64D8F /* Pods_SMS.framework */; };
		479DB1362502522C009A8B08 /* AppDelegate.swift in Sources */ = {isa = PBXBuildFile; fileRef = 479DB1352502522C009A8B08 /* AppDelegate.swift */; };
		479DB1382502522C009A8B08 /* SceneDelegate.swift in Sources */ = {isa = PBXBuildFile; fileRef = 479DB1372502522C009A8B08 /* SceneDelegate.swift */; };
		479DB13A2502522C009A8B08 /* ViewController.swift in Sources */ = {isa = PBXBuildFile; fileRef = 479DB1392502522C009A8B08 /* ViewController.swift */; };
		479DB13D2502522C009A8B08 /* Main.storyboard in Resources */ = {isa = PBXBuildFile; fileRef = 479DB13B2502522C009A8B08 /* Main.storyboard */; };
		479DB13F2502522E009A8B08 /* Assets.xcassets in Resources */ = {isa = PBXBuildFile; fileRef = 479DB13E2502522E009A8B08 /* Assets.xcassets */; };
		479DB1422502522E009A8B08 /* LaunchScreen.storyboard in Resources */ = {isa = PBXBuildFile; fileRef = 479DB1402502522E009A8B08 /* LaunchScreen.storyboard */; };
/* End PBXBuildFile section */

/* Begin PBXFileReference section */
		479DB1322502522C009A8B08 /* SMS.app */ = {isa = PBXFileReference; explicitFileType = wrapper.application; includeInIndex = 0; path = SMS.app; sourceTree = BUILT_PRODUCTS_DIR; };
		479DB1352502522C009A8B08 /* AppDelegate.swift */ = {isa = PBXFileReference; lastKnownFileType = sourcecode.swift; path = AppDelegate.swift; sourceTree = "<group>"; };
		479DB1372502522C009A8B08 /* SceneDelegate.swift */ = {isa = PBXFileReference; lastKnownFileType = sourcecode.swift; path = SceneDelegate.swift; sourceTree = "<group>"; };
		479DB1392502522C009A8B08 /* ViewController.swift */ = {isa = PBXFileReference; lastKnownFileType = sourcecode.swift; path = ViewController.swift; sourceTree = "<group>"; };
		479DB13C2502522C009A8B08 /* Base */ = {isa = PBXFileReference; lastKnownFileType = file.storyboard; name = Base; path = Base.lproj/Main.storyboard; sourceTree = "<group>"; };
		479DB13E2502522E009A8B08 /* Assets.xcassets */ = {isa = PBXFileReference; lastKnownFileType = folder.assetcatalog; path = Assets.xcassets; sourceTree = "<group>"; };
		479DB1412502522E009A8B08 /* Base */ = {isa = PBXFileReference; lastKnownFileType = file.storyboard; name = Base; path = Base.lproj/LaunchScreen.storyboard; sourceTree = "<group>"; };
		479DB1432502522E009A8B08 /* Info.plist */ = {isa = PBXFileReference; lastKnownFileType = text.plist.xml; path = Info.plist; sourceTree = "<group>"; };
		6389DA4C65B153958AB64D8F /* Pods_SMS.framework */ = {isa = PBXFileReference; explicitFileType = wrapper.framework; includeInIndex = 0; path = Pods_SMS.framework; sourceTree = BUILT_PRODUCTS_DIR; };
		BCB747EAB641ED86BA323425 /* Pods-SMS.debug.xcconfig */ = {isa = PBXFileReference; includeInIndex = 1; lastKnownFileType = text.xcconfig; name = "Pods-SMS.debug.xcconfig"; path = "Target Support Files/Pods-SMS/Pods-SMS.debug.xcconfig"; sourceTree = "<group>"; };
		DC955CA14428B1D4F1697094 /* Pods-SMS.release.xcconfig */ = {isa = PBXFileReference; includeInIndex = 1; lastKnownFileType = text.xcconfig; name = "Pods-SMS.release.xcconfig"; path = "Target Support Files/Pods-SMS/Pods-SMS.release.xcconfig"; sourceTree = "<group>"; };
/* End PBXFileReference section */

/* Begin PBXFrameworksBuildPhase section */
		479DB12F2502522C009A8B08 /* Frameworks */ = {
			isa = PBXFrameworksBuildPhase;
			buildActionMask = 2147483647;
			files = (
				22354C1F1A56CF2E0D2156E7 /* Pods_SMS.framework in Frameworks */,
			);
			runOnlyForDeploymentPostprocessing = 0;
		};
/* End PBXFrameworksBuildPhase section */

/* Begin PBXGroup section */
		479DB1292502522C009A8B08 = {
			isa = PBXGroup;
			children = (
				479DB1342502522C009A8B08 /* SMS */,
				479DB1332502522C009A8B08 /* Products */,
				B0AE89112A0015BA3A4681C1 /* Pods */,
				72242FC83922B3FBA77766BC /* Frameworks */,
			);
			sourceTree = "<group>";
		};
		479DB1332502522C009A8B08 /* Products */ = {
			isa = PBXGroup;
			children = (
				479DB1322502522C009A8B08 /* SMS.app */,
			);
			name = Products;
			sourceTree = "<group>";
		};
		479DB1342502522C009A8B08 /* SMS */ = {
			isa = PBXGroup;
			children = (
				479DB1352502522C009A8B08 /* AppDelegate.swift */,
				479DB1372502522C009A8B08 /* SceneDelegate.swift */,
				479DB1392502522C009A8B08 /* ViewController.swift */,
				479DB13B2502522C009A8B08 /* Main.storyboard */,
				479DB13E2502522E009A8B08 /* Assets.xcassets */,
				479DB1402502522E009A8B08 /* LaunchScreen.storyboard */,
				479DB1432502522E009A8B08 /* Info.plist */,
			);
			path = SMS;
			sourceTree = "<group>";
		};
		72242FC83922B3FBA77766BC /* Frameworks */ = {
			isa = PBXGroup;
			children = (
				6389DA4C65B153958AB64D8F /* Pods_SMS.framework */,
			);
			name = Frameworks;
			sourceTree = "<group>";
		};
		B0AE89112A0015BA3A4681C1 /* Pods */ = {
			isa = PBXGroup;
			children = (
				BCB747EAB641ED86BA323425 /* Pods-SMS.debug.xcconfig */,
				DC955CA14428B1D4F1697094 /* Pods-SMS.release.xcconfig */,
			);
			name = Pods;
			path = Pods;
			sourceTree = "<group>";
		};
/* End PBXGroup section */

/* Begin PBXNativeTarget section */
		479DB1312502522C009A8B08 /* SMS */ = {
			isa = PBXNativeTarget;
			buildConfigurationList = 479DB1462502522E009A8B08 /* Build configuration list for PBXNativeTarget "SMS" */;
			buildPhases = (
				FAEDAEFE406CF07B3414629E /* [CP] Check Pods Manifest.lock */,
				479DB12E2502522C009A8B08 /* Sources */,
				479DB12F2502522C009A8B08 /* Frameworks */,
				479DB1302502522C009A8B08 /* Resources */,
				E2C67590B9B90057899068A9 /* [CP] Embed Pods Frameworks */,
			);
			buildRules = (
			);
			dependencies = (
			);
			name = SMS;
			productName = SMS;
			productReference = 479DB1322502522C009A8B08 /* SMS.app */;
			productType = "com.apple.product-type.application";
		};
/* End PBXNativeTarget section */

/* Begin PBXProject section */
		479DB12A2502522C009A8B08 /* Project object */ = {
			isa = PBXProject;
			attributes = {
				LastSwiftUpdateCheck = 1150;
				LastUpgradeCheck = 1150;
				ORGANIZATIONNAME = DohyunKim;
				TargetAttributes = {
					479DB1312502522C009A8B08 = {
						CreatedOnToolsVersion = 11.5;
					};
				};
			};
			buildConfigurationList = 479DB12D2502522C009A8B08 /* Build configuration list for PBXProject "SMS" */;
			compatibilityVersion = "Xcode 9.3";
			developmentRegion = en;
			hasScannedForEncodings = 0;
			knownRegions = (
				en,
				Base,
			);
			mainGroup = 479DB1292502522C009A8B08;
			productRefGroup = 479DB1332502522C009A8B08 /* Products */;
			projectDirPath = "";
			projectRoot = "";
			targets = (
				479DB1312502522C009A8B08 /* SMS */,
			);
		};
/* End PBXProject section */

/* Begin PBXResourcesBuildPhase section */
		479DB1302502522C009A8B08 /* Resources */ = {
			isa = PBXResourcesBuildPhase;
			buildActionMask = 2147483647;
			files = (
				479DB1422502522E009A8B08 /* LaunchScreen.storyboard in Resources */,
				479DB13F2502522E009A8B08 /* Assets.xcassets in Resources */,
				479DB13D2502522C009A8B08 /* Main.storyboard in Resources */,
			);
			runOnlyForDeploymentPostprocessing = 0;
		};
/* End PBXResourcesBuildPhase section */

/* Begin PBXShellScriptBuildPhase section */
		E2C67590B9B90057899068A9 /* [CP] Embed Pods Frameworks */ = {
			isa = PBXShellScriptBuildPhase;
			buildActionMask = 2147483647;
			files = (
			);
			inputFileListPaths = (
				"${PODS_ROOT}/Target Support Files/Pods-SMS/Pods-SMS-frameworks-${CONFIGURATION}-input-files.xcfilelist",
			);
			name = "[CP] Embed Pods Frameworks";
			outputFileListPaths = (
				"${PODS_ROOT}/Target Support Files/Pods-SMS/Pods-SMS-frameworks-${CONFIGURATION}-output-files.xcfilelist",
			);
			runOnlyForDeploymentPostprocessing = 0;
			shellPath = /bin/sh;
			shellScript = "\"${PODS_ROOT}/Target Support Files/Pods-SMS/Pods-SMS-frameworks.sh\"\n";
			showEnvVarsInLog = 0;
		};
		FAEDAEFE406CF07B3414629E /* [CP] Check Pods Manifest.lock */ = {
			isa = PBXShellScriptBuildPhase;
			buildActionMask = 2147483647;
			files = (
			);
			inputFileListPaths = (
			);
			inputPaths = (
				"${PODS_PODFILE_DIR_PATH}/Podfile.lock",
				"${PODS_ROOT}/Manifest.lock",
			);
			name = "[CP] Check Pods Manifest.lock";
			outputFileListPaths = (
			);
			outputPaths = (
				"$(DERIVED_FILE_DIR)/Pods-SMS-checkManifestLockResult.txt",
			);
			runOnlyForDeploymentPostprocessing = 0;
			shellPath = /bin/sh;
			shellScript = "diff \"${PODS_PODFILE_DIR_PATH}/Podfile.lock\" \"${PODS_ROOT}/Manifest.lock\" > /dev/null\nif [ $? != 0 ] ; then\n    # print error to STDERR\n    echo \"error: The sandbox is not in sync with the Podfile.lock. Run 'pod install' or update your CocoaPods installation.\" >&2\n    exit 1\nfi\n# This output is used by Xcode 'outputs' to avoid re-running this script phase.\necho \"SUCCESS\" > \"${SCRIPT_OUTPUT_FILE_0}\"\n";
			showEnvVarsInLog = 0;
		};
/* End PBXShellScriptBuildPhase section */

/* Begin PBXSourcesBuildPhase section */
		479DB12E2502522C009A8B08 /* Sources */ = {
			isa = PBXSourcesBuildPhase;
			buildActionMask = 2147483647;
			files = (
				479DB13A2502522C009A8B08 /* ViewController.swift in Sources */,
				479DB1362502522C009A8B08 /* AppDelegate.swift in Sources */,
				479DB1382502522C009A8B08 /* SceneDelegate.swift in Sources */,
			);
			runOnlyForDeploymentPostprocessing = 0;
		};
/* End PBXSourcesBuildPhase section */

/* Begin PBXVariantGroup section */
		479DB13B2502522C009A8B08 /* Main.storyboard */ = {
			isa = PBXVariantGroup;
			children = (
				479DB13C2502522C009A8B08 /* Base */,
			);
			name = Main.storyboard;
			sourceTree = "<group>";
		};
		479DB1402502522E009A8B08 /* LaunchScreen.storyboard */ = {
			isa = PBXVariantGroup;
			children = (
				479DB1412502522E009A8B08 /* Base */,
			);
			name = LaunchScreen.storyboard;
			sourceTree = "<group>";
		};
/* End PBXVariantGroup section */

/* Begin XCBuildConfiguration section */
		479DB1442502522E009A8B08 /* Debug */ = {
			isa = XCBuildConfiguration;
			buildSettings = {
				ALWAYS_SEARCH_USER_PATHS = NO;
				CLANG_ANALYZER_NONNULL = YES;
				CLANG_ANALYZER_NUMBER_OBJECT_CONVERSION = YES_AGGRESSIVE;
				CLANG_CXX_LANGUAGE_STANDARD = "gnu++14";
				CLANG_CXX_LIBRARY = "libc++";
				CLANG_ENABLE_MODULES = YES;
				CLANG_ENABLE_OBJC_ARC = YES;
				CLANG_ENABLE_OBJC_WEAK = YES;
				CLANG_WARN_BLOCK_CAPTURE_AUTORELEASING = YES;
				CLANG_WARN_BOOL_CONVERSION = YES;
				CLANG_WARN_COMMA = YES;
				CLANG_WARN_CONSTANT_CONVERSION = YES;
				CLANG_WARN_DEPRECATED_OBJC_IMPLEMENTATIONS = YES;
				CLANG_WARN_DIRECT_OBJC_ISA_USAGE = YES_ERROR;
				CLANG_WARN_DOCUMENTATION_COMMENTS = YES;
				CLANG_WARN_EMPTY_BODY = YES;
				CLANG_WARN_ENUM_CONVERSION = YES;
				CLANG_WARN_INFINITE_RECURSION = YES;
				CLANG_WARN_INT_CONVERSION = YES;
				CLANG_WARN_NON_LITERAL_NULL_CONVERSION = YES;
				CLANG_WARN_OBJC_IMPLICIT_RETAIN_SELF = YES;
				CLANG_WARN_OBJC_LITERAL_CONVERSION = YES;
				CLANG_WARN_OBJC_ROOT_CLASS = YES_ERROR;
				CLANG_WARN_RANGE_LOOP_ANALYSIS = YES;
				CLANG_WARN_STRICT_PROTOTYPES = YES;
				CLANG_WARN_SUSPICIOUS_MOVE = YES;
				CLANG_WARN_UNGUARDED_AVAILABILITY = YES_AGGRESSIVE;
				CLANG_WARN_UNREACHABLE_CODE = YES;
				CLANG_WARN__DUPLICATE_METHOD_MATCH = YES;
				COPY_PHASE_STRIP = NO;
				DEBUG_INFORMATION_FORMAT = dwarf;
				ENABLE_STRICT_OBJC_MSGSEND = YES;
				ENABLE_TESTABILITY = YES;
				GCC_C_LANGUAGE_STANDARD = gnu11;
				GCC_DYNAMIC_NO_PIC = NO;
				GCC_NO_COMMON_BLOCKS = YES;
				GCC_OPTIMIZATION_LEVEL = 0;
				GCC_PREPROCESSOR_DEFINITIONS = (
					"DEBUG=1",
					"$(inherited)",
				);
				GCC_WARN_64_TO_32_BIT_CONVERSION = YES;
				GCC_WARN_ABOUT_RETURN_TYPE = YES_ERROR;
				GCC_WARN_UNDECLARED_SELECTOR = YES;
				GCC_WARN_UNINITIALIZED_AUTOS = YES_AGGRESSIVE;
				GCC_WARN_UNUSED_FUNCTION = YES;
				GCC_WARN_UNUSED_VARIABLE = YES;
				IPHONEOS_DEPLOYMENT_TARGET = 13.5;
				MTL_ENABLE_DEBUG_INFO = INCLUDE_SOURCE;
				MTL_FAST_MATH = YES;
				ONLY_ACTIVE_ARCH = YES;
				SDKROOT = iphoneos;
				SWIFT_ACTIVE_COMPILATION_CONDITIONS = DEBUG;
				SWIFT_OPTIMIZATION_LEVEL = "-Onone";
			};
			name = Debug;
		};
		479DB1452502522E009A8B08 /* Release */ = {
			isa = XCBuildConfiguration;
			buildSettings = {
				ALWAYS_SEARCH_USER_PATHS = NO;
				CLANG_ANALYZER_NONNULL = YES;
				CLANG_ANALYZER_NUMBER_OBJECT_CONVERSION = YES_AGGRESSIVE;
				CLANG_CXX_LANGUAGE_STANDARD = "gnu++14";
				CLANG_CXX_LIBRARY = "libc++";
				CLANG_ENABLE_MODULES = YES;
				CLANG_ENABLE_OBJC_ARC = YES;
				CLANG_ENABLE_OBJC_WEAK = YES;
				CLANG_WARN_BLOCK_CAPTURE_AUTORELEASING = YES;
				CLANG_WARN_BOOL_CONVERSION = YES;
				CLANG_WARN_COMMA = YES;
				CLANG_WARN_CONSTANT_CONVERSION = YES;
				CLANG_WARN_DEPRECATED_OBJC_IMPLEMENTATIONS = YES;
				CLANG_WARN_DIRECT_OBJC_ISA_USAGE = YES_ERROR;
				CLANG_WARN_DOCUMENTATION_COMMENTS = YES;
				CLANG_WARN_EMPTY_BODY = YES;
				CLANG_WARN_ENUM_CONVERSION = YES;
				CLANG_WARN_INFINITE_RECURSION = YES;
				CLANG_WARN_INT_CONVERSION = YES;
				CLANG_WARN_NON_LITERAL_NULL_CONVERSION = YES;
				CLANG_WARN_OBJC_IMPLICIT_RETAIN_SELF = YES;
				CLANG_WARN_OBJC_LITERAL_CONVERSION = YES;
				CLANG_WARN_OBJC_ROOT_CLASS = YES_ERROR;
				CLANG_WARN_RANGE_LOOP_ANALYSIS = YES;
				CLANG_WARN_STRICT_PROTOTYPES = YES;
				CLANG_WARN_SUSPICIOUS_MOVE = YES;
				CLANG_WARN_UNGUARDED_AVAILABILITY = YES_AGGRESSIVE;
				CLANG_WARN_UNREACHABLE_CODE = YES;
				CLANG_WARN__DUPLICATE_METHOD_MATCH = YES;
				COPY_PHASE_STRIP = NO;
				DEBUG_INFORMATION_FORMAT = "dwarf-with-dsym";
				ENABLE_NS_ASSERTIONS = NO;
				ENABLE_STRICT_OBJC_MSGSEND = YES;
				GCC_C_LANGUAGE_STANDARD = gnu11;
				GCC_NO_COMMON_BLOCKS = YES;
				GCC_WARN_64_TO_32_BIT_CONVERSION = YES;
				GCC_WARN_ABOUT_RETURN_TYPE = YES_ERROR;
				GCC_WARN_UNDECLARED_SELECTOR = YES;
				GCC_WARN_UNINITIALIZED_AUTOS = YES_AGGRESSIVE;
				GCC_WARN_UNUSED_FUNCTION = YES;
				GCC_WARN_UNUSED_VARIABLE = YES;
				IPHONEOS_DEPLOYMENT_TARGET = 13.5;
				MTL_ENABLE_DEBUG_INFO = NO;
				MTL_FAST_MATH = YES;
				SDKROOT = iphoneos;
				SWIFT_COMPILATION_MODE = wholemodule;
				SWIFT_OPTIMIZATION_LEVEL = "-O";
				VALIDATE_PRODUCT = YES;
			};
			name = Release;
		};
		479DB1472502522E009A8B08 /* Debug */ = {
			isa = XCBuildConfiguration;
			baseConfigurationReference = BCB747EAB641ED86BA323425 /* Pods-SMS.debug.xcconfig */;
			buildSettings = {
				ASSETCATALOG_COMPILER_APPICON_NAME = AppIcon;
				CODE_SIGN_STYLE = Automatic;
				DEVELOPMENT_TEAM = VSX6758FTG;
				INFOPLIST_FILE = SMS/Info.plist;
				LD_RUNPATH_SEARCH_PATHS = (
					"$(inherited)",
					"@executable_path/Frameworks",
				);
				PRODUCT_BUNDLE_IDENTIFIER = DohyunKim.SMS;
				PRODUCT_NAME = "$(TARGET_NAME)";
				SWIFT_VERSION = 5.0;
				TARGETED_DEVICE_FAMILY = "1,2";
			};
			name = Debug;
		};
		479DB1482502522E009A8B08 /* Release */ = {
			isa = XCBuildConfiguration;
			baseConfigurationReference = DC955CA14428B1D4F1697094 /* Pods-SMS.release.xcconfig */;
			buildSettings = {
				ASSETCATALOG_COMPILER_APPICON_NAME = AppIcon;
				CODE_SIGN_STYLE = Automatic;
				DEVELOPMENT_TEAM = VSX6758FTG;
				INFOPLIST_FILE = SMS/Info.plist;
				LD_RUNPATH_SEARCH_PATHS = (
					"$(inherited)",
					"@executable_path/Frameworks",
				);
				PRODUCT_BUNDLE_IDENTIFIER = DohyunKim.SMS;
				PRODUCT_NAME = "$(TARGET_NAME)";
				SWIFT_VERSION = 5.0;
				TARGETED_DEVICE_FAMILY = "1,2";
			};
			name = Release;
		};
/* End XCBuildConfiguration section */

/* Begin XCConfigurationList section */
		479DB12D2502522C009A8B08 /* Build configuration list for PBXProject "SMS" */ = {
			isa = XCConfigurationList;
			buildConfigurations = (
				479DB1442502522E009A8B08 /* Debug */,
				479DB1452502522E009A8B08 /* Release */,
			);
			defaultConfigurationIsVisible = 0;
			defaultConfigurationName = Release;
		};
		479DB1462502522E009A8B08 /* Build configuration list for PBXNativeTarget "SMS" */ = {
			isa = XCConfigurationList;
			buildConfigurations = (
				479DB1472502522E009A8B08 /* Debug */,
				479DB1482502522E009A8B08 /* Release */,
			);
			defaultConfigurationIsVisible = 0;
			defaultConfigurationName = Release;
		};
/* End XCConfigurationList section */
	};
	rootObject = 479DB12A2502522C009A8B08 /* Project object */;
}
