// !$*UTF8*$!
{
	archiveVersion = 1;
	classes = {
	};
	objectVersion = 52;
	objects = {

/* Begin PBXBuildFile section */
		22354C1F1A56CF2E0D2156E7 /* Pods_SMS.framework in Frameworks */ = {isa = PBXBuildFile; fileRef = 6389DA4C65B153958AB64D8F /* Pods_SMS.framework */; };
		47131020250253C000ED348C /* Auth.storyboard in Resources */ = {isa = PBXBuildFile; fileRef = 4713101F250253C000ED348C /* Auth.storyboard */; };
		47131025250255C900ED348C /* LoginViewController.swift in Sources */ = {isa = PBXBuildFile; fileRef = 47131024250255C900ED348C /* LoginViewController.swift */; };
		4720FE2425119CE300BAE75A /* Notice.storyboard in Resources */ = {isa = PBXBuildFile; fileRef = 4720FE2325119CE300BAE75A /* Notice.storyboard */; };
		4728354725A5D3C300EA211B /* DevCollectionViewCell.swift in Sources */ = {isa = PBXBuildFile; fileRef = 4728354625A5D3C300EA211B /* DevCollectionViewCell.swift */; };
		4728354B25A5D3E800EA211B /* MypageViewModel.swift in Sources */ = {isa = PBXBuildFile; fileRef = 4728354A25A5D3E800EA211B /* MypageViewModel.swift */; };
		4766CA222510D0170060B330 /* MyPage.storyboard in Resources */ = {isa = PBXBuildFile; fileRef = 4766CA212510D0170060B330 /* MyPage.storyboard */; };
		477FF0B1250A015D0056E1D4 /* OutGoing.storyboard in Resources */ = {isa = PBXBuildFile; fileRef = 477FF0B0250A015D0056E1D4 /* OutGoing.storyboard */; };
		477FF0B3250A04CF0056E1D4 /* OutGoingViewController.swift in Sources */ = {isa = PBXBuildFile; fileRef = 477FF0B2250A04CF0056E1D4 /* OutGoingViewController.swift */; };
		4787401725C939B4001976A3 /* MypageLogoutViewModel.swift in Sources */ = {isa = PBXBuildFile; fileRef = 4787401625C939B4001976A3 /* MypageLogoutViewModel.swift */; };
		478B988B25B1D609002167EC /* MypageModel.swift in Sources */ = {isa = PBXBuildFile; fileRef = 478B988A25B1D609002167EC /* MypageModel.swift */; };
		478B988E25B99FAD002167EC /* MypageChangePWViewModel.swift in Sources */ = {isa = PBXBuildFile; fileRef = 478B988D25B99FAD002167EC /* MypageChangePWViewModel.swift */; };
		478B989125B9A09F002167EC /* MypagePWChangeModel.swift in Sources */ = {isa = PBXBuildFile; fileRef = 478B989025B9A09F002167EC /* MypagePWChangeModel.swift */; };
		479DB13F2502522E009A8B08 /* Assets.xcassets in Resources */ = {isa = PBXBuildFile; fileRef = 479DB13E2502522E009A8B08 /* Assets.xcassets */; };
		47AA5085257F40640003F87D /* CustomeShadowView.swift in Sources */ = {isa = PBXBuildFile; fileRef = 47AA5083257F40640003F87D /* CustomeShadowView.swift */; };
		47AA508E257F407F0003F87D /* SMSAPI.swift in Sources */ = {isa = PBXBuildFile; fileRef = 47AA508B257F407F0003F87D /* SMSAPI.swift */; };
		47AA50AC257F40D30003F87D /* OutGoingApplyViewModel.swift in Sources */ = {isa = PBXBuildFile; fileRef = 47AA50A2257F40D20003F87D /* OutGoingApplyViewModel.swift */; };
		47AA50B2257F40D30003F87D /* LoginViewModel.swift in Sources */ = {isa = PBXBuildFile; fileRef = 47AA50AA257F40D20003F87D /* LoginViewModel.swift */; };
		D62D8C172518D9B200548FBF /* TimeScheduleXib.swift in Sources */ = {isa = PBXBuildFile; fileRef = D62D8C0E2518D9B200548FBF /* TimeScheduleXib.swift */; };
		D62D8C182518D9B200548FBF /* ScheduleViewController.swift in Sources */ = {isa = PBXBuildFile; fileRef = D62D8C0F2518D9B200548FBF /* ScheduleViewController.swift */; };
		D62D8C1A2518D9B200548FBF /* Schedule.storyboard in Resources */ = {isa = PBXBuildFile; fileRef = D62D8C112518D9B200548FBF /* Schedule.storyboard */; };
		D62D8C1B2518D9B200548FBF /* ScheduleCell.xib in Resources */ = {isa = PBXBuildFile; fileRef = D62D8C122518D9B200548FBF /* ScheduleCell.xib */; };
		D62D8C1C2518D9B200548FBF /* CalendarCollectionViewCell.swift in Sources */ = {isa = PBXBuildFile; fileRef = D62D8C132518D9B200548FBF /* CalendarCollectionViewCell.swift */; };
		D62D8C1D2518D9B200548FBF /* ScheduleCell.swift in Sources */ = {isa = PBXBuildFile; fileRef = D62D8C142518D9B200548FBF /* ScheduleCell.swift */; };
		D62D8C2D2518DABE00548FBF /* MypageChangePWAlertViewController.swift in Sources */ = {isa = PBXBuildFile; fileRef = D62D8C1E2518DABD00548FBF /* MypageChangePWAlertViewController.swift */; };
		D62D8C2E2518DABE00548FBF /* OutGoingPopDeedViewController.swift in Sources */ = {isa = PBXBuildFile; fileRef = D62D8C1F2518DABD00548FBF /* OutGoingPopDeedViewController.swift */; };
		D62D8C2F2518DABE00548FBF /* OutGoingCompletedViewController.swift in Sources */ = {isa = PBXBuildFile; fileRef = D62D8C202518DABD00548FBF /* OutGoingCompletedViewController.swift */; };
		D62D8C312518DABE00548FBF /* OutGoingApplyViewController.swift in Sources */ = {isa = PBXBuildFile; fileRef = D62D8C222518DABD00548FBF /* OutGoingApplyViewController.swift */; };
		D62D8C322518DABE00548FBF /* MypageLogoutViewController.swift in Sources */ = {isa = PBXBuildFile; fileRef = D62D8C232518DABD00548FBF /* MypageLogoutViewController.swift */; };
		D62D8C342518DABE00548FBF /* OutGoingLogViewController.swift in Sources */ = {isa = PBXBuildFile; fileRef = D62D8C252518DABD00548FBF /* OutGoingLogViewController.swift */; };
		D62D8C352518DABE00548FBF /* MypageChangePWViewController.swift in Sources */ = {isa = PBXBuildFile; fileRef = D62D8C262518DABD00548FBF /* MypageChangePWViewController.swift */; };
		D62D8C362518DABE00548FBF /* MypageIntroduceDevViewController.swift in Sources */ = {isa = PBXBuildFile; fileRef = D62D8C272518DABD00548FBF /* MypageIntroduceDevViewController.swift */; };
		D62D8C372518DABE00548FBF /* MypageViewController.swift in Sources */ = {isa = PBXBuildFile; fileRef = D62D8C282518DABD00548FBF /* MypageViewController.swift */; };
		D62D8C3A2518DABE00548FBF /* NoticeViewController.swift in Sources */ = {isa = PBXBuildFile; fileRef = D62D8C2B2518DABE00548FBF /* NoticeViewController.swift */; };
		D62D8C3B2518DABE00548FBF /* OutGoingNoticeViewController.swift in Sources */ = {isa = PBXBuildFile; fileRef = D62D8C2C2518DABE00548FBF /* OutGoingNoticeViewController.swift */; };
		D630C8F82586E1C900BD07C3 /* UnixStamp.swift in Sources */ = {isa = PBXBuildFile; fileRef = D630C8F72586E1C900BD07C3 /* UnixStamp.swift */; };
		D630C8FB2587761600BD07C3 /* Storyboarded.swift in Sources */ = {isa = PBXBuildFile; fileRef = D630C8FA2587761600BD07C3 /* Storyboarded.swift */; };
		D664E1B0252A0A09007F0253 /* TabbarViewController.swift in Sources */ = {isa = PBXBuildFile; fileRef = D664E1A0252A0A09007F0253 /* TabbarViewController.swift */; };
		D664E1BC252A0A1D007F0253 /* PageCell.swift in Sources */ = {isa = PBXBuildFile; fileRef = D664E1B3252A0A1D007F0253 /* PageCell.swift */; };
		D664E1C3252A0A1D007F0253 /* TabbarView.swift in Sources */ = {isa = PBXBuildFile; fileRef = D664E1BA252A0A1D007F0253 /* TabbarView.swift */; };
		D664E1C8252A0C8E007F0253 /* CustomCell.xib in Resources */ = {isa = PBXBuildFile; fileRef = D664E1C6252A0C8E007F0253 /* CustomCell.xib */; };
		D664E1C9252A0C8E007F0253 /* CustomCell.swift in Sources */ = {isa = PBXBuildFile; fileRef = D664E1C7252A0C8E007F0253 /* CustomCell.swift */; };
		D669880325A29A05006A1F38 /* OutGoingLocationAlertXib.xib in Resources */ = {isa = PBXBuildFile; fileRef = D669880225A29A05006A1F38 /* OutGoingLocationAlertXib.xib */; };
		D66988B025A2ECF8006A1F38 /* AesEverywhere in Frameworks */ = {isa = PBXBuildFile; productRef = D66988AF25A2ECF8006A1F38 /* AesEverywhere */; };
		D66988C325A2FEF0006A1F38 /* LocationTableViewCell.xib in Resources */ = {isa = PBXBuildFile; fileRef = D66988C225A2FEF0006A1F38 /* LocationTableViewCell.xib */; };
		D67F32DB257E74B90086F75E /* UICell.swift in Sources */ = {isa = PBXBuildFile; fileRef = D67F32DA257E74B90086F75E /* UICell.swift */; };
		D67F32EF257E751A0086F75E /* UIView.swift in Sources */ = {isa = PBXBuildFile; fileRef = D67F32ED257E751A0086F75E /* UIView.swift */; };
		D67F32F0257E751A0086F75E /* UIColor.swift in Sources */ = {isa = PBXBuildFile; fileRef = D67F32EE257E751A0086F75E /* UIColor.swift */; };
		D67F32F3257E753C0086F75E /* UIViewController.swift in Sources */ = {isa = PBXBuildFile; fileRef = D67F32F2257E753C0086F75E /* UIViewController.swift */; };
		D67F32F9257E75890086F75E /* StoryBoardName.swift in Sources */ = {isa = PBXBuildFile; fileRef = D67F32F8257E75890086F75E /* StoryBoardName.swift */; };
		D67F3300257E75F90086F75E /* CustomShadowButton.swift in Sources */ = {isa = PBXBuildFile; fileRef = D67F32FF257E75F90086F75E /* CustomShadowButton.swift */; };
		D67F3306257E76140086F75E /* SMSAPIClient.swift in Sources */ = {isa = PBXBuildFile; fileRef = D67F3303257E76140086F75E /* SMSAPIClient.swift */; };
		D67F3307257E76140086F75E /* StatusCode.swift in Sources */ = {isa = PBXBuildFile; fileRef = D67F3304257E76140086F75E /* StatusCode.swift */; };
		D67F331A257E76480086F75E /* ScheduleViewModel.swift in Sources */ = {isa = PBXBuildFile; fileRef = D67F3310257E76480086F75E /* ScheduleViewModel.swift */; };
		D67F3320257E76480086F75E /* ViewModelType.swift in Sources */ = {isa = PBXBuildFile; fileRef = D67F3317257E76480086F75E /* ViewModelType.swift */; };
		D67F3338257E76A10086F75E /* OutGoingCoordinator.swift in Sources */ = {isa = PBXBuildFile; fileRef = D67F3334257E76A10086F75E /* OutGoingCoordinator.swift */; };
		D68127F0252EE04300E9D7CA /* TimeScheduleXib.xib in Resources */ = {isa = PBXBuildFile; fileRef = D68127EF252EE04300E9D7CA /* TimeScheduleXib.xib */; };
		D6812861252F182100E9D7CA /* LaunchScreen.storyboard in Resources */ = {isa = PBXBuildFile; fileRef = D6812860252F182100E9D7CA /* LaunchScreen.storyboard */; };
		D68BEE5D252C8A6D0008E2EB /* PageCell.xib in Resources */ = {isa = PBXBuildFile; fileRef = D68BEE5C252C8A6D0008E2EB /* PageCell.xib */; };
		D696141A25E66E3A00E880D9 /* NotoSansMonoCJKkr-Bold.otf in Resources */ = {isa = PBXBuildFile; fileRef = D696140F25E66E3A00E880D9 /* NotoSansMonoCJKkr-Bold.otf */; };
		D696141B25E66E3A00E880D9 /* NotoSansMonoCJKkr-Regular.otf in Resources */ = {isa = PBXBuildFile; fileRef = D696141025E66E3A00E880D9 /* NotoSansMonoCJKkr-Regular.otf */; };
		D696141C25E66E3A00E880D9 /* NotoSansCJKkr-DemiLight.otf in Resources */ = {isa = PBXBuildFile; fileRef = D696141125E66E3A00E880D9 /* NotoSansCJKkr-DemiLight.otf */; };
		D696141D25E66E3A00E880D9 /* NotoSansCJKkr-Black.otf in Resources */ = {isa = PBXBuildFile; fileRef = D696141225E66E3A00E880D9 /* NotoSansCJKkr-Black.otf */; };
		D696141E25E66E3A00E880D9 /* NotoSansCJKkr-Medium.otf in Resources */ = {isa = PBXBuildFile; fileRef = D696141325E66E3A00E880D9 /* NotoSansCJKkr-Medium.otf */; };
		D696141F25E66E3A00E880D9 /* README in Resources */ = {isa = PBXBuildFile; fileRef = D696141425E66E3A00E880D9 /* README */; };
		D696142025E66E3A00E880D9 /* NotoSansCJKkr-Light.otf in Resources */ = {isa = PBXBuildFile; fileRef = D696141525E66E3A00E880D9 /* NotoSansCJKkr-Light.otf */; };
		D696142125E66E3A00E880D9 /* NotoSansCJKkr-Thin.otf in Resources */ = {isa = PBXBuildFile; fileRef = D696141625E66E3A00E880D9 /* NotoSansCJKkr-Thin.otf */; };
		D696142225E66E3A00E880D9 /* NotoSansCJKkr-Regular.otf in Resources */ = {isa = PBXBuildFile; fileRef = D696141725E66E3A00E880D9 /* NotoSansCJKkr-Regular.otf */; };
		D696142325E66E3A00E880D9 /* NotoSansCJKkr-Bold.otf in Resources */ = {isa = PBXBuildFile; fileRef = D696141825E66E3A00E880D9 /* NotoSansCJKkr-Bold.otf */; };
		D696142425E66E3A00E880D9 /* LICENSE_OFL.txt in Resources */ = {isa = PBXBuildFile; fileRef = D696141925E66E3A00E880D9 /* LICENSE_OFL.txt */; };
		D696142825E66F8500E880D9 /* RegisterViewController.swift in Sources */ = {isa = PBXBuildFile; fileRef = D696142725E66F8500E880D9 /* RegisterViewController.swift */; };
		D696142B25E6709E00E880D9 /* CheckCertificationNumberViewController.swift in Sources */ = {isa = PBXBuildFile; fileRef = D696142A25E6709E00E880D9 /* CheckCertificationNumberViewController.swift */; };
		D6B3A3DC2582E9D9005C36E6 /* NoticeCoordinator.swift in Sources */ = {isa = PBXBuildFile; fileRef = D6B3A3D72582E9D9005C36E6 /* NoticeCoordinator.swift */; };
		D6B3A3DD2582E9D9005C36E6 /* ScheduleCoordinator.swift in Sources */ = {isa = PBXBuildFile; fileRef = D6B3A3D82582E9D9005C36E6 /* ScheduleCoordinator.swift */; };
		D6B3A3DF2582E9D9005C36E6 /* TabbarCoordinator.swift in Sources */ = {isa = PBXBuildFile; fileRef = D6B3A3DA2582E9D9005C36E6 /* TabbarCoordinator.swift */; };
		D6B3A3E02582E9D9005C36E6 /* MyPageCoordinator.swift in Sources */ = {isa = PBXBuildFile; fileRef = D6B3A3DB2582E9D9005C36E6 /* MyPageCoordinator.swift */; };
		D6B3A3FB2582F0BF005C36E6 /* NoticeDetailViewController.swift in Sources */ = {isa = PBXBuildFile; fileRef = D6B3A3FA2582F0BF005C36E6 /* NoticeDetailViewController.swift */; };
		D6B3A40125838EC2005C36E6 /* OutGoingModel.swift in Sources */ = {isa = PBXBuildFile; fileRef = D6B3A40025838EC2005C36E6 /* OutGoingModel.swift */; };
		D6B3A4142586D9B3005C36E6 /* OutGoingLogModel.swift in Sources */ = {isa = PBXBuildFile; fileRef = D6B3A4132586D9B3005C36E6 /* OutGoingLogModel.swift */; };
		D6B8EE8F255CA97200F1F21E /* AppDelegate.swift in Sources */ = {isa = PBXBuildFile; fileRef = D6B8EE8E255CA97200F1F21E /* AppDelegate.swift */; };
		D6B8EE93255CA98E00F1F21E /* GlobalProperties.swift in Sources */ = {isa = PBXBuildFile; fileRef = D6B8EE92255CA98E00F1F21E /* GlobalProperties.swift */; };
		D6B9EE0A25A57C54006D66EC /* TimeTableModel.swift in Sources */ = {isa = PBXBuildFile; fileRef = D6B9EE0925A57C54006D66EC /* TimeTableModel.swift */; };
		D6F39D27257E13A3006ED3C1 /* Coordinator.swift in Sources */ = {isa = PBXBuildFile; fileRef = D6F39D26257E13A3006ED3C1 /* Coordinator.swift */; };
		D6F39D39257E3AAA006ED3C1 /* AppCoordinator.swift in Sources */ = {isa = PBXBuildFile; fileRef = D6F39D38257E3AAA006ED3C1 /* AppCoordinator.swift */; };
		D6F8C93A259B5DA100DE967A /* OutGoingCardModel.swift in Sources */ = {isa = PBXBuildFile; fileRef = D6F8C939259B5DA100DE967A /* OutGoingCardModel.swift */; };
		D6F8C93E259B628100DE967A /* LoginModel.swift in Sources */ = {isa = PBXBuildFile; fileRef = D6F8C93D259B628100DE967A /* LoginModel.swift */; };
		D6F8C942259B638100DE967A /* ScheduleModel.swift in Sources */ = {isa = PBXBuildFile; fileRef = D6F8C941259B638100DE967A /* ScheduleModel.swift */; };
		D6F8C94A259B647F00DE967A /* OutLocationModel.swift in Sources */ = {isa = PBXBuildFile; fileRef = D6F8C949259B647F00DE967A /* OutLocationModel.swift */; };
		D6F8C958259B659C00DE967A /* LocationTableViewCell.swift in Sources */ = {isa = PBXBuildFile; fileRef = D6F8C956259B659C00DE967A /* LocationTableViewCell.swift */; };
		D6F8C959259B659C00DE967A /* OutGoingLogTableViewCell.swift in Sources */ = {isa = PBXBuildFile; fileRef = D6F8C957259B659C00DE967A /* OutGoingLogTableViewCell.swift */; };
		D6F8C95C259B65FF00DE967A /* UITextField.swift in Sources */ = {isa = PBXBuildFile; fileRef = D6F8C95B259B65FF00DE967A /* UITextField.swift */; };
		D6F8C970259C1B3200DE967A /* OutGoingAlertXib.swift in Sources */ = {isa = PBXBuildFile; fileRef = D6F8C96F259C1B3200DE967A /* OutGoingAlertXib.swift */; };
		D6F8C974259C280600DE967A /* OutGoingAlertXib.xib in Resources */ = {isa = PBXBuildFile; fileRef = D6F8C973259C280600DE967A /* OutGoingAlertXib.xib */; };
		D6F8C97D259C958200DE967A /* OutGoingLocationAlertXib.swift in Sources */ = {isa = PBXBuildFile; fileRef = D6F8C97C259C958200DE967A /* OutGoingLocationAlertXib.swift */; };
/* End PBXBuildFile section */

/* Begin PBXFileReference section */
		4713101F250253C000ED348C /* Auth.storyboard */ = {isa = PBXFileReference; lastKnownFileType = file.storyboard; path = Auth.storyboard; sourceTree = "<group>"; };
		47131024250255C900ED348C /* LoginViewController.swift */ = {isa = PBXFileReference; lastKnownFileType = sourcecode.swift; path = LoginViewController.swift; sourceTree = "<group>"; };
		4720FE2325119CE300BAE75A /* Notice.storyboard */ = {isa = PBXFileReference; lastKnownFileType = file.storyboard; path = Notice.storyboard; sourceTree = "<group>"; };
		4728354625A5D3C300EA211B /* DevCollectionViewCell.swift */ = {isa = PBXFileReference; fileEncoding = 4; lastKnownFileType = sourcecode.swift; path = DevCollectionViewCell.swift; sourceTree = "<group>"; };
		4728354A25A5D3E800EA211B /* MypageViewModel.swift */ = {isa = PBXFileReference; lastKnownFileType = sourcecode.swift; path = MypageViewModel.swift; sourceTree = "<group>"; };
		4766CA212510D0170060B330 /* MyPage.storyboard */ = {isa = PBXFileReference; lastKnownFileType = file.storyboard; path = MyPage.storyboard; sourceTree = "<group>"; };
		477FF0B0250A015D0056E1D4 /* OutGoing.storyboard */ = {isa = PBXFileReference; lastKnownFileType = file.storyboard; path = OutGoing.storyboard; sourceTree = "<group>"; };
		477FF0B2250A04CF0056E1D4 /* OutGoingViewController.swift */ = {isa = PBXFileReference; lastKnownFileType = sourcecode.swift; path = OutGoingViewController.swift; sourceTree = "<group>"; };
		4787401625C939B4001976A3 /* MypageLogoutViewModel.swift */ = {isa = PBXFileReference; lastKnownFileType = sourcecode.swift; path = MypageLogoutViewModel.swift; sourceTree = "<group>"; };
		478B988A25B1D609002167EC /* MypageModel.swift */ = {isa = PBXFileReference; lastKnownFileType = sourcecode.swift; path = MypageModel.swift; sourceTree = "<group>"; };
		478B988D25B99FAD002167EC /* MypageChangePWViewModel.swift */ = {isa = PBXFileReference; lastKnownFileType = sourcecode.swift; path = MypageChangePWViewModel.swift; sourceTree = "<group>"; };
		478B989025B9A09F002167EC /* MypagePWChangeModel.swift */ = {isa = PBXFileReference; lastKnownFileType = sourcecode.swift; path = MypagePWChangeModel.swift; sourceTree = "<group>"; };
		479DB1322502522C009A8B08 /* SMS.app */ = {isa = PBXFileReference; explicitFileType = wrapper.application; includeInIndex = 0; path = SMS.app; sourceTree = BUILT_PRODUCTS_DIR; };
		479DB13E2502522E009A8B08 /* Assets.xcassets */ = {isa = PBXFileReference; lastKnownFileType = folder.assetcatalog; path = Assets.xcassets; sourceTree = "<group>"; };
		479DB1432502522E009A8B08 /* Info.plist */ = {isa = PBXFileReference; lastKnownFileType = text.plist.xml; path = Info.plist; sourceTree = "<group>"; };
		47AA5083257F40640003F87D /* CustomeShadowView.swift */ = {isa = PBXFileReference; fileEncoding = 4; lastKnownFileType = sourcecode.swift; path = CustomeShadowView.swift; sourceTree = "<group>"; };
		47AA508B257F407F0003F87D /* SMSAPI.swift */ = {isa = PBXFileReference; fileEncoding = 4; lastKnownFileType = sourcecode.swift; path = SMSAPI.swift; sourceTree = "<group>"; };
		47AA50A2257F40D20003F87D /* OutGoingApplyViewModel.swift */ = {isa = PBXFileReference; fileEncoding = 4; lastKnownFileType = sourcecode.swift; path = OutGoingApplyViewModel.swift; sourceTree = "<group>"; };
		47AA50AA257F40D20003F87D /* LoginViewModel.swift */ = {isa = PBXFileReference; fileEncoding = 4; lastKnownFileType = sourcecode.swift; path = LoginViewModel.swift; sourceTree = "<group>"; };
		6389DA4C65B153958AB64D8F /* Pods_SMS.framework */ = {isa = PBXFileReference; explicitFileType = wrapper.framework; includeInIndex = 0; path = Pods_SMS.framework; sourceTree = BUILT_PRODUCTS_DIR; };
		BCB747EAB641ED86BA323425 /* Pods-SMS.debug.xcconfig */ = {isa = PBXFileReference; includeInIndex = 1; lastKnownFileType = text.xcconfig; name = "Pods-SMS.debug.xcconfig"; path = "Target Support Files/Pods-SMS/Pods-SMS.debug.xcconfig"; sourceTree = "<group>"; };
		D62D8C0E2518D9B200548FBF /* TimeScheduleXib.swift */ = {isa = PBXFileReference; fileEncoding = 4; lastKnownFileType = sourcecode.swift; path = TimeScheduleXib.swift; sourceTree = "<group>"; };
		D62D8C0F2518D9B200548FBF /* ScheduleViewController.swift */ = {isa = PBXFileReference; fileEncoding = 4; lastKnownFileType = sourcecode.swift; path = ScheduleViewController.swift; sourceTree = "<group>"; };
		D62D8C112518D9B200548FBF /* Schedule.storyboard */ = {isa = PBXFileReference; fileEncoding = 4; lastKnownFileType = file.storyboard; path = Schedule.storyboard; sourceTree = "<group>"; };
		D62D8C122518D9B200548FBF /* ScheduleCell.xib */ = {isa = PBXFileReference; fileEncoding = 4; lastKnownFileType = file.xib; path = ScheduleCell.xib; sourceTree = "<group>"; };
		D62D8C132518D9B200548FBF /* CalendarCollectionViewCell.swift */ = {isa = PBXFileReference; fileEncoding = 4; lastKnownFileType = sourcecode.swift; path = CalendarCollectionViewCell.swift; sourceTree = "<group>"; };
		D62D8C142518D9B200548FBF /* ScheduleCell.swift */ = {isa = PBXFileReference; fileEncoding = 4; lastKnownFileType = sourcecode.swift; path = ScheduleCell.swift; sourceTree = "<group>"; };
		D62D8C1E2518DABD00548FBF /* MypageChangePWAlertViewController.swift */ = {isa = PBXFileReference; fileEncoding = 4; lastKnownFileType = sourcecode.swift; path = MypageChangePWAlertViewController.swift; sourceTree = "<group>"; };
		D62D8C1F2518DABD00548FBF /* OutGoingPopDeedViewController.swift */ = {isa = PBXFileReference; fileEncoding = 4; lastKnownFileType = sourcecode.swift; path = OutGoingPopDeedViewController.swift; sourceTree = "<group>"; };
		D62D8C202518DABD00548FBF /* OutGoingCompletedViewController.swift */ = {isa = PBXFileReference; fileEncoding = 4; lastKnownFileType = sourcecode.swift; path = OutGoingCompletedViewController.swift; sourceTree = "<group>"; };
		D62D8C222518DABD00548FBF /* OutGoingApplyViewController.swift */ = {isa = PBXFileReference; fileEncoding = 4; lastKnownFileType = sourcecode.swift; path = OutGoingApplyViewController.swift; sourceTree = "<group>"; };
		D62D8C232518DABD00548FBF /* MypageLogoutViewController.swift */ = {isa = PBXFileReference; fileEncoding = 4; lastKnownFileType = sourcecode.swift; path = MypageLogoutViewController.swift; sourceTree = "<group>"; };
		D62D8C252518DABD00548FBF /* OutGoingLogViewController.swift */ = {isa = PBXFileReference; fileEncoding = 4; lastKnownFileType = sourcecode.swift; path = OutGoingLogViewController.swift; sourceTree = "<group>"; };
		D62D8C262518DABD00548FBF /* MypageChangePWViewController.swift */ = {isa = PBXFileReference; fileEncoding = 4; lastKnownFileType = sourcecode.swift; path = MypageChangePWViewController.swift; sourceTree = "<group>"; };
		D62D8C272518DABD00548FBF /* MypageIntroduceDevViewController.swift */ = {isa = PBXFileReference; fileEncoding = 4; lastKnownFileType = sourcecode.swift; path = MypageIntroduceDevViewController.swift; sourceTree = "<group>"; };
		D62D8C282518DABD00548FBF /* MypageViewController.swift */ = {isa = PBXFileReference; fileEncoding = 4; lastKnownFileType = sourcecode.swift; path = MypageViewController.swift; sourceTree = "<group>"; };
		D62D8C2B2518DABE00548FBF /* NoticeViewController.swift */ = {isa = PBXFileReference; fileEncoding = 4; lastKnownFileType = sourcecode.swift; path = NoticeViewController.swift; sourceTree = "<group>"; };
		D62D8C2C2518DABE00548FBF /* OutGoingNoticeViewController.swift */ = {isa = PBXFileReference; fileEncoding = 4; lastKnownFileType = sourcecode.swift; path = OutGoingNoticeViewController.swift; sourceTree = "<group>"; };
		D630C8F72586E1C900BD07C3 /* UnixStamp.swift */ = {isa = PBXFileReference; lastKnownFileType = sourcecode.swift; path = UnixStamp.swift; sourceTree = "<group>"; };
		D630C8FA2587761600BD07C3 /* Storyboarded.swift */ = {isa = PBXFileReference; lastKnownFileType = sourcecode.swift; path = Storyboarded.swift; sourceTree = "<group>"; };
		D664E1A0252A0A09007F0253 /* TabbarViewController.swift */ = {isa = PBXFileReference; fileEncoding = 4; lastKnownFileType = sourcecode.swift; path = TabbarViewController.swift; sourceTree = "<group>"; };
		D664E1B3252A0A1D007F0253 /* PageCell.swift */ = {isa = PBXFileReference; fileEncoding = 4; lastKnownFileType = sourcecode.swift; path = PageCell.swift; sourceTree = "<group>"; };
		D664E1BA252A0A1D007F0253 /* TabbarView.swift */ = {isa = PBXFileReference; fileEncoding = 4; lastKnownFileType = sourcecode.swift; path = TabbarView.swift; sourceTree = "<group>"; };
		D664E1C6252A0C8E007F0253 /* CustomCell.xib */ = {isa = PBXFileReference; fileEncoding = 4; lastKnownFileType = file.xib; path = CustomCell.xib; sourceTree = "<group>"; };
		D664E1C7252A0C8E007F0253 /* CustomCell.swift */ = {isa = PBXFileReference; fileEncoding = 4; lastKnownFileType = sourcecode.swift; path = CustomCell.swift; sourceTree = "<group>"; };
		D669880225A29A05006A1F38 /* OutGoingLocationAlertXib.xib */ = {isa = PBXFileReference; fileEncoding = 4; lastKnownFileType = file.xib; path = OutGoingLocationAlertXib.xib; sourceTree = "<group>"; };
		D66988C225A2FEF0006A1F38 /* LocationTableViewCell.xib */ = {isa = PBXFileReference; lastKnownFileType = file.xib; path = LocationTableViewCell.xib; sourceTree = "<group>"; };
		D67F32DA257E74B90086F75E /* UICell.swift */ = {isa = PBXFileReference; lastKnownFileType = sourcecode.swift; path = UICell.swift; sourceTree = "<group>"; };
		D67F32ED257E751A0086F75E /* UIView.swift */ = {isa = PBXFileReference; fileEncoding = 4; lastKnownFileType = sourcecode.swift; path = UIView.swift; sourceTree = "<group>"; };
		D67F32EE257E751A0086F75E /* UIColor.swift */ = {isa = PBXFileReference; fileEncoding = 4; lastKnownFileType = sourcecode.swift; path = UIColor.swift; sourceTree = "<group>"; };
		D67F32F2257E753C0086F75E /* UIViewController.swift */ = {isa = PBXFileReference; lastKnownFileType = sourcecode.swift; path = UIViewController.swift; sourceTree = "<group>"; };
		D67F32F8257E75890086F75E /* StoryBoardName.swift */ = {isa = PBXFileReference; lastKnownFileType = sourcecode.swift; path = StoryBoardName.swift; sourceTree = "<group>"; };
		D67F32FF257E75F90086F75E /* CustomShadowButton.swift */ = {isa = PBXFileReference; fileEncoding = 4; lastKnownFileType = sourcecode.swift; path = CustomShadowButton.swift; sourceTree = "<group>"; };
		D67F3303257E76140086F75E /* SMSAPIClient.swift */ = {isa = PBXFileReference; fileEncoding = 4; lastKnownFileType = sourcecode.swift; path = SMSAPIClient.swift; sourceTree = "<group>"; };
		D67F3304257E76140086F75E /* StatusCode.swift */ = {isa = PBXFileReference; fileEncoding = 4; lastKnownFileType = sourcecode.swift; path = StatusCode.swift; sourceTree = "<group>"; };
		D67F3310257E76480086F75E /* ScheduleViewModel.swift */ = {isa = PBXFileReference; fileEncoding = 4; lastKnownFileType = sourcecode.swift; path = ScheduleViewModel.swift; sourceTree = "<group>"; };
		D67F3317257E76480086F75E /* ViewModelType.swift */ = {isa = PBXFileReference; fileEncoding = 4; lastKnownFileType = sourcecode.swift; path = ViewModelType.swift; sourceTree = "<group>"; };
		D67F3334257E76A10086F75E /* OutGoingCoordinator.swift */ = {isa = PBXFileReference; fileEncoding = 4; lastKnownFileType = sourcecode.swift; path = OutGoingCoordinator.swift; sourceTree = "<group>"; };
		D68127EF252EE04300E9D7CA /* TimeScheduleXib.xib */ = {isa = PBXFileReference; fileEncoding = 4; lastKnownFileType = file.xib; path = TimeScheduleXib.xib; sourceTree = "<group>"; };
		D6812860252F182100E9D7CA /* LaunchScreen.storyboard */ = {isa = PBXFileReference; fileEncoding = 4; lastKnownFileType = file.storyboard; path = LaunchScreen.storyboard; sourceTree = "<group>"; };
		D68BEE5C252C8A6D0008E2EB /* PageCell.xib */ = {isa = PBXFileReference; fileEncoding = 4; lastKnownFileType = file.xib; path = PageCell.xib; sourceTree = "<group>"; };
		D696140F25E66E3A00E880D9 /* NotoSansMonoCJKkr-Bold.otf */ = {isa = PBXFileReference; lastKnownFileType = file; path = "NotoSansMonoCJKkr-Bold.otf"; sourceTree = "<group>"; };
		D696141025E66E3A00E880D9 /* NotoSansMonoCJKkr-Regular.otf */ = {isa = PBXFileReference; lastKnownFileType = file; path = "NotoSansMonoCJKkr-Regular.otf"; sourceTree = "<group>"; };
		D696141125E66E3A00E880D9 /* NotoSansCJKkr-DemiLight.otf */ = {isa = PBXFileReference; lastKnownFileType = file; path = "NotoSansCJKkr-DemiLight.otf"; sourceTree = "<group>"; };
		D696141225E66E3A00E880D9 /* NotoSansCJKkr-Black.otf */ = {isa = PBXFileReference; lastKnownFileType = file; path = "NotoSansCJKkr-Black.otf"; sourceTree = "<group>"; };
		D696141325E66E3A00E880D9 /* NotoSansCJKkr-Medium.otf */ = {isa = PBXFileReference; lastKnownFileType = file; path = "NotoSansCJKkr-Medium.otf"; sourceTree = "<group>"; };
		D696141425E66E3A00E880D9 /* README */ = {isa = PBXFileReference; fileEncoding = 4; lastKnownFileType = text; path = README; sourceTree = "<group>"; };
		D696141525E66E3A00E880D9 /* NotoSansCJKkr-Light.otf */ = {isa = PBXFileReference; lastKnownFileType = file; path = "NotoSansCJKkr-Light.otf"; sourceTree = "<group>"; };
		D696141625E66E3A00E880D9 /* NotoSansCJKkr-Thin.otf */ = {isa = PBXFileReference; lastKnownFileType = file; path = "NotoSansCJKkr-Thin.otf"; sourceTree = "<group>"; };
		D696141725E66E3A00E880D9 /* NotoSansCJKkr-Regular.otf */ = {isa = PBXFileReference; lastKnownFileType = file; path = "NotoSansCJKkr-Regular.otf"; sourceTree = "<group>"; };
		D696141825E66E3A00E880D9 /* NotoSansCJKkr-Bold.otf */ = {isa = PBXFileReference; lastKnownFileType = file; path = "NotoSansCJKkr-Bold.otf"; sourceTree = "<group>"; };
		D696141925E66E3A00E880D9 /* LICENSE_OFL.txt */ = {isa = PBXFileReference; fileEncoding = 4; lastKnownFileType = text; path = LICENSE_OFL.txt; sourceTree = "<group>"; };
		D696142725E66F8500E880D9 /* RegisterViewController.swift */ = {isa = PBXFileReference; lastKnownFileType = sourcecode.swift; path = RegisterViewController.swift; sourceTree = "<group>"; };
		D696142A25E6709E00E880D9 /* CheckCertificationNumberViewController.swift */ = {isa = PBXFileReference; lastKnownFileType = sourcecode.swift; path = CheckCertificationNumberViewController.swift; sourceTree = "<group>"; };
		D6B3A3D72582E9D9005C36E6 /* NoticeCoordinator.swift */ = {isa = PBXFileReference; fileEncoding = 4; lastKnownFileType = sourcecode.swift; path = NoticeCoordinator.swift; sourceTree = "<group>"; };
		D6B3A3D82582E9D9005C36E6 /* ScheduleCoordinator.swift */ = {isa = PBXFileReference; fileEncoding = 4; lastKnownFileType = sourcecode.swift; path = ScheduleCoordinator.swift; sourceTree = "<group>"; };
		D6B3A3DA2582E9D9005C36E6 /* TabbarCoordinator.swift */ = {isa = PBXFileReference; fileEncoding = 4; lastKnownFileType = sourcecode.swift; path = TabbarCoordinator.swift; sourceTree = "<group>"; };
		D6B3A3DB2582E9D9005C36E6 /* MyPageCoordinator.swift */ = {isa = PBXFileReference; fileEncoding = 4; lastKnownFileType = sourcecode.swift; path = MyPageCoordinator.swift; sourceTree = "<group>"; };
		D6B3A3FA2582F0BF005C36E6 /* NoticeDetailViewController.swift */ = {isa = PBXFileReference; lastKnownFileType = sourcecode.swift; path = NoticeDetailViewController.swift; sourceTree = "<group>"; };
		D6B3A40025838EC2005C36E6 /* OutGoingModel.swift */ = {isa = PBXFileReference; lastKnownFileType = sourcecode.swift; path = OutGoingModel.swift; sourceTree = "<group>"; };
		D6B3A4132586D9B3005C36E6 /* OutGoingLogModel.swift */ = {isa = PBXFileReference; lastKnownFileType = sourcecode.swift; path = OutGoingLogModel.swift; sourceTree = "<group>"; };
		D6B8EE8E255CA97200F1F21E /* AppDelegate.swift */ = {isa = PBXFileReference; fileEncoding = 4; lastKnownFileType = sourcecode.swift; path = AppDelegate.swift; sourceTree = "<group>"; };
		D6B8EE92255CA98E00F1F21E /* GlobalProperties.swift */ = {isa = PBXFileReference; fileEncoding = 4; lastKnownFileType = sourcecode.swift; path = GlobalProperties.swift; sourceTree = "<group>"; };
		D6B9EE0925A57C54006D66EC /* TimeTableModel.swift */ = {isa = PBXFileReference; fileEncoding = 4; lastKnownFileType = sourcecode.swift; path = TimeTableModel.swift; sourceTree = "<group>"; };
		D6F39D26257E13A3006ED3C1 /* Coordinator.swift */ = {isa = PBXFileReference; lastKnownFileType = sourcecode.swift; path = Coordinator.swift; sourceTree = "<group>"; };
		D6F39D38257E3AAA006ED3C1 /* AppCoordinator.swift */ = {isa = PBXFileReference; lastKnownFileType = sourcecode.swift; path = AppCoordinator.swift; sourceTree = "<group>"; };
		D6F8C939259B5DA100DE967A /* OutGoingCardModel.swift */ = {isa = PBXFileReference; lastKnownFileType = sourcecode.swift; path = OutGoingCardModel.swift; sourceTree = "<group>"; };
		D6F8C93D259B628100DE967A /* LoginModel.swift */ = {isa = PBXFileReference; lastKnownFileType = sourcecode.swift; name = LoginModel.swift; path = SMS/Model/Login/LoginModel.swift; sourceTree = SOURCE_ROOT; };
		D6F8C941259B638100DE967A /* ScheduleModel.swift */ = {isa = PBXFileReference; lastKnownFileType = sourcecode.swift; name = ScheduleModel.swift; path = SMS/Model/Schedule/ScheduleModel.swift; sourceTree = SOURCE_ROOT; };
		D6F8C949259B647F00DE967A /* OutLocationModel.swift */ = {isa = PBXFileReference; fileEncoding = 4; lastKnownFileType = sourcecode.swift; path = OutLocationModel.swift; sourceTree = "<group>"; };
		D6F8C956259B659C00DE967A /* LocationTableViewCell.swift */ = {isa = PBXFileReference; fileEncoding = 4; lastKnownFileType = sourcecode.swift; name = LocationTableViewCell.swift; path = SMS/View/TableViewCell/LocationTableViewCell.swift; sourceTree = SOURCE_ROOT; };
		D6F8C957259B659C00DE967A /* OutGoingLogTableViewCell.swift */ = {isa = PBXFileReference; fileEncoding = 4; lastKnownFileType = sourcecode.swift; name = OutGoingLogTableViewCell.swift; path = SMS/View/TableViewCell/OutGoingLogTableViewCell.swift; sourceTree = SOURCE_ROOT; };
		D6F8C95B259B65FF00DE967A /* UITextField.swift */ = {isa = PBXFileReference; fileEncoding = 4; lastKnownFileType = sourcecode.swift; path = UITextField.swift; sourceTree = "<group>"; };
		D6F8C96F259C1B3200DE967A /* OutGoingAlertXib.swift */ = {isa = PBXFileReference; lastKnownFileType = sourcecode.swift; path = OutGoingAlertXib.swift; sourceTree = "<group>"; };
		D6F8C973259C280600DE967A /* OutGoingAlertXib.xib */ = {isa = PBXFileReference; lastKnownFileType = file.xib; path = OutGoingAlertXib.xib; sourceTree = "<group>"; };
		D6F8C97C259C958200DE967A /* OutGoingLocationAlertXib.swift */ = {isa = PBXFileReference; lastKnownFileType = sourcecode.swift; path = OutGoingLocationAlertXib.swift; sourceTree = "<group>"; };
		DC955CA14428B1D4F1697094 /* Pods-SMS.release.xcconfig */ = {isa = PBXFileReference; includeInIndex = 1; lastKnownFileType = text.xcconfig; name = "Pods-SMS.release.xcconfig"; path = "Target Support Files/Pods-SMS/Pods-SMS.release.xcconfig"; sourceTree = "<group>"; };
/* End PBXFileReference section */

/* Begin PBXFrameworksBuildPhase section */
		479DB12F2502522C009A8B08 /* Frameworks */ = {
			isa = PBXFrameworksBuildPhase;
			buildActionMask = 2147483647;
			files = (
				D66988B025A2ECF8006A1F38 /* AesEverywhere in Frameworks */,
				22354C1F1A56CF2E0D2156E7 /* Pods_SMS.framework in Frameworks */,
			);
			runOnlyForDeploymentPostprocessing = 0;
		};
/* End PBXFrameworksBuildPhase section */

/* Begin PBXGroup section */
		47131021250253F300ED348C /* View */ = {
			isa = PBXGroup;
			children = (
				D6F39D25257E1390006ED3C1 /* Coordinator */,
				D6E68932252EDEB000FA09C1 /* Tabbar */,
				D6E68931252EDE8A00FA09C1 /* Schedule */,
				D6E6892E252EDE3000FA09C1 /* CollectionViewCell */,
				D6E6892F252EDE4600FA09C1 /* TableViewCell */,
				D6E687AD252DCB1E00FA09C1 /* Auth */,
				D6E687AC252DCB1200FA09C1 /* Notice */,
				D6E687AB252DCAF300FA09C1 /* OutGoing */,
				D6E687A9252DCAC900FA09C1 /* MyPage */,
			);
			path = View;
			sourceTree = "<group>";
		};
		4728354925A5D3D800EA211B /* Mypage */ = {
			isa = PBXGroup;
			children = (
				4728354A25A5D3E800EA211B /* MypageViewModel.swift */,
				478B988D25B99FAD002167EC /* MypageChangePWViewModel.swift */,
				4787401625C939B4001976A3 /* MypageLogoutViewModel.swift */,
			);
			path = Mypage;
			sourceTree = "<group>";
		};
		478B988925B1D5FB002167EC /* Mypage */ = {
			isa = PBXGroup;
			children = (
				478B988A25B1D609002167EC /* MypageModel.swift */,
				478B989025B9A09F002167EC /* MypagePWChangeModel.swift */,
			);
			path = Mypage;
			sourceTree = "<group>";
		};
		479DB1292502522C009A8B08 = {
			isa = PBXGroup;
			children = (
				479DB1342502522C009A8B08 /* SMS */,
				479DB1332502522C009A8B08 /* Products */,
				B0AE89112A0015BA3A4681C1 /* Pods */,
				72242FC83922B3FBA77766BC /* Frameworks */,
				D6B3A3D42582E995005C36E6 /* Recovered References */,
			);
			sourceTree = "<group>";
		};
		479DB1332502522C009A8B08 /* Products */ = {
			isa = PBXGroup;
			children = (
				479DB1322502522C009A8B08 /* SMS.app */,
			);
			name = Products;
			sourceTree = "<group>";
		};
		479DB1342502522C009A8B08 /* SMS */ = {
			isa = PBXGroup;
			children = (
				479DB1432502522E009A8B08 /* Info.plist */,
				D67F330E257E76480086F75E /* ViewModel */,
				D67F330A257E76310086F75E /* Model */,
				D6B8EE91255CA98E00F1F21E /* Custom */,
				47131021250253F300ED348C /* View */,
				D68127EA252EDF6B00E9D7CA /* Network */,
				D6E6892C252EDDC400FA09C1 /* Base */,
				D6E687BD252DD9E300FA09C1 /* Supporting */,
				D6148AF2252B57E3009AD0A0 /* Extension */,
			);
			path = SMS;
			sourceTree = "<group>";
		};
		72242FC83922B3FBA77766BC /* Frameworks */ = {
			isa = PBXGroup;
			children = (
				6389DA4C65B153958AB64D8F /* Pods_SMS.framework */,
			);
			name = Frameworks;
			sourceTree = "<group>";
		};
		B0AE89112A0015BA3A4681C1 /* Pods */ = {
			isa = PBXGroup;
			children = (
				BCB747EAB641ED86BA323425 /* Pods-SMS.debug.xcconfig */,
				DC955CA14428B1D4F1697094 /* Pods-SMS.release.xcconfig */,
			);
			path = Pods;
			sourceTree = "<group>";
		};
		D6148AF2252B57E3009AD0A0 /* Extension */ = {
			isa = PBXGroup;
			children = (
				D67F32F8257E75890086F75E /* StoryBoardName.swift */,
				D630C8FA2587761600BD07C3 /* Storyboarded.swift */,
				D6B8EE84255CA95100F1F21E /* UIKit */,
			);
			path = Extension;
			sourceTree = "<group>";
		};
		D67F330A257E76310086F75E /* Model */ = {
			isa = PBXGroup;
			children = (
				478B988925B1D5FB002167EC /* Mypage */,
				D6F8C944259B639600DE967A /* Schedule */,
				D6F8C940259B62AE00DE967A /* Login */,
				D6B3A3FF25838E4B005C36E6 /* OutGoing */,
			);
			path = Model;
			sourceTree = "<group>";
		};
		D67F330E257E76480086F75E /* ViewModel */ = {
			isa = PBXGroup;
			children = (
				4728354925A5D3D800EA211B /* Mypage */,
				D67F3317257E76480086F75E /* ViewModelType.swift */,
				D67F330F257E76480086F75E /* Schedule */,
				D67F3311257E76480086F75E /* OutGoing */,
				D67F3318257E76480086F75E /* Login */,
			);
			path = ViewModel;
			sourceTree = "<group>";
		};
		D67F330F257E76480086F75E /* Schedule */ = {
			isa = PBXGroup;
			children = (
				D67F3310257E76480086F75E /* ScheduleViewModel.swift */,
			);
			path = Schedule;
			sourceTree = "<group>";
		};
		D67F3311257E76480086F75E /* OutGoing */ = {
			isa = PBXGroup;
			children = (
				47AA50A2257F40D20003F87D /* OutGoingApplyViewModel.swift */,
			);
			path = OutGoing;
			sourceTree = "<group>";
		};
		D67F3318257E76480086F75E /* Login */ = {
			isa = PBXGroup;
			children = (
				47AA50AA257F40D20003F87D /* LoginViewModel.swift */,
			);
			path = Login;
			sourceTree = "<group>";
		};
		D68127EA252EDF6B00E9D7CA /* Network */ = {
			isa = PBXGroup;
			children = (
				D67F3303257E76140086F75E /* SMSAPIClient.swift */,
				47AA508B257F407F0003F87D /* SMSAPI.swift */,
				D67F3304257E76140086F75E /* StatusCode.swift */,
			);
			name = Network;
			path = SMS/Network;
			sourceTree = SOURCE_ROOT;
		};
		D696140E25E66E3A00E880D9 /* NotoSansCJKkr-hinted */ = {
			isa = PBXGroup;
			children = (
				D696140F25E66E3A00E880D9 /* NotoSansMonoCJKkr-Bold.otf */,
				D696141025E66E3A00E880D9 /* NotoSansMonoCJKkr-Regular.otf */,
				D696141125E66E3A00E880D9 /* NotoSansCJKkr-DemiLight.otf */,
				D696141225E66E3A00E880D9 /* NotoSansCJKkr-Black.otf */,
				D696141325E66E3A00E880D9 /* NotoSansCJKkr-Medium.otf */,
				D696141425E66E3A00E880D9 /* README */,
				D696141525E66E3A00E880D9 /* NotoSansCJKkr-Light.otf */,
				D696141625E66E3A00E880D9 /* NotoSansCJKkr-Thin.otf */,
				D696141725E66E3A00E880D9 /* NotoSansCJKkr-Regular.otf */,
				D696141825E66E3A00E880D9 /* NotoSansCJKkr-Bold.otf */,
				D696141925E66E3A00E880D9 /* LICENSE_OFL.txt */,
			);
			path = "NotoSansCJKkr-hinted";
			sourceTree = "<group>";
		};
		D6B3A3D42582E995005C36E6 /* Recovered References */ = {
			isa = PBXGroup;
			children = (
			);
			name = "Recovered References";
			sourceTree = "<group>";
		};
		D6B3A3FF25838E4B005C36E6 /* OutGoing */ = {
			isa = PBXGroup;
			children = (
				D6F8C949259B647F00DE967A /* OutLocationModel.swift */,
				D6B3A40025838EC2005C36E6 /* OutGoingModel.swift */,
				D6B3A4132586D9B3005C36E6 /* OutGoingLogModel.swift */,
				D6F8C939259B5DA100DE967A /* OutGoingCardModel.swift */,
			);
			path = OutGoing;
			sourceTree = "<group>";
		};
		D6B8EE84255CA95100F1F21E /* UIKit */ = {
			isa = PBXGroup;
			children = (
				D6F8C95B259B65FF00DE967A /* UITextField.swift */,
				D67F32EE257E751A0086F75E /* UIColor.swift */,
				D67F32ED257E751A0086F75E /* UIView.swift */,
				D67F32F2257E753C0086F75E /* UIViewController.swift */,
				D67F32DA257E74B90086F75E /* UICell.swift */,
			);
			path = UIKit;
			sourceTree = "<group>";
		};
		D6B8EE91255CA98E00F1F21E /* Custom */ = {
			isa = PBXGroup;
			children = (
				47AA5083257F40640003F87D /* CustomeShadowView.swift */,
				D67F32FF257E75F90086F75E /* CustomShadowButton.swift */,
				D6B8EE92255CA98E00F1F21E /* GlobalProperties.swift */,
				D630C8F72586E1C900BD07C3 /* UnixStamp.swift */,
			);
			name = Custom;
			path = SMS/Custom;
			sourceTree = SOURCE_ROOT;
		};
		D6E687A9252DCAC900FA09C1 /* MyPage */ = {
			isa = PBXGroup;
			children = (
				D62D8C262518DABD00548FBF /* MypageChangePWViewController.swift */,
				D62D8C272518DABD00548FBF /* MypageIntroduceDevViewController.swift */,
				D62D8C232518DABD00548FBF /* MypageLogoutViewController.swift */,
				D62D8C282518DABD00548FBF /* MypageViewController.swift */,
				D62D8C1E2518DABD00548FBF /* MypageChangePWAlertViewController.swift */,
			);
			path = MyPage;
			sourceTree = "<group>";
		};
		D6E687AB252DCAF300FA09C1 /* OutGoing */ = {
			isa = PBXGroup;
			children = (
				D6F8C977259C3DB600DE967A /* AlertXib */,
				D62D8C222518DABD00548FBF /* OutGoingApplyViewController.swift */,
				D62D8C202518DABD00548FBF /* OutGoingCompletedViewController.swift */,
				D62D8C252518DABD00548FBF /* OutGoingLogViewController.swift */,
				D62D8C2C2518DABE00548FBF /* OutGoingNoticeViewController.swift */,
				477FF0B2250A04CF0056E1D4 /* OutGoingViewController.swift */,
				D62D8C1F2518DABD00548FBF /* OutGoingPopDeedViewController.swift */,
			);
			path = OutGoing;
			sourceTree = "<group>";
		};
		D6E687AC252DCB1200FA09C1 /* Notice */ = {
			isa = PBXGroup;
			children = (
				D62D8C2B2518DABE00548FBF /* NoticeViewController.swift */,
				D6B3A3FA2582F0BF005C36E6 /* NoticeDetailViewController.swift */,
			);
			path = Notice;
			sourceTree = "<group>";
		};
		D6E687AD252DCB1E00FA09C1 /* Auth */ = {
			isa = PBXGroup;
			children = (
				47131024250255C900ED348C /* LoginViewController.swift */,
				D696142725E66F8500E880D9 /* RegisterViewController.swift */,
				D696142A25E6709E00E880D9 /* CheckCertificationNumberViewController.swift */,
			);
			path = Auth;
			sourceTree = "<group>";
		};
		D6E687BD252DD9E300FA09C1 /* Supporting */ = {
			isa = PBXGroup;
			children = (
				D696140E25E66E3A00E880D9 /* NotoSansCJKkr-hinted */,
				D6B8EE8E255CA97200F1F21E /* AppDelegate.swift */,
				479DB13E2502522E009A8B08 /* Assets.xcassets */,
			);
			path = Supporting;
			sourceTree = "<group>";
		};
		D6E6892C252EDDC400FA09C1 /* Base */ = {
			isa = PBXGroup;
			children = (
				D6812860252F182100E9D7CA /* LaunchScreen.storyboard */,
				D62D8C112518D9B200548FBF /* Schedule.storyboard */,
				4713101F250253C000ED348C /* Auth.storyboard */,
				477FF0B0250A015D0056E1D4 /* OutGoing.storyboard */,
				4766CA212510D0170060B330 /* MyPage.storyboard */,
				4720FE2325119CE300BAE75A /* Notice.storyboard */,
			);
			path = Base;
			sourceTree = "<group>";
		};
		D6E6892E252EDE3000FA09C1 /* CollectionViewCell */ = {
			isa = PBXGroup;
			children = (
				D62D8C132518D9B200548FBF /* CalendarCollectionViewCell.swift */,
				4728354625A5D3C300EA211B /* DevCollectionViewCell.swift */,
				D664E1B3252A0A1D007F0253 /* PageCell.swift */,
				D68BEE5C252C8A6D0008E2EB /* PageCell.xib */,
				D664E1C7252A0C8E007F0253 /* CustomCell.swift */,
				D664E1C6252A0C8E007F0253 /* CustomCell.xib */,
			);
			path = CollectionViewCell;
			sourceTree = "<group>";
		};
		D6E6892F252EDE4600FA09C1 /* TableViewCell */ = {
			isa = PBXGroup;
			children = (
				D6F8C955259B659200DE967A /* OutGoing */,
				D6F8C94F259B650D00DE967A /* Schedule */,
			);
			path = TableViewCell;
			sourceTree = "<group>";
		};
		D6E68931252EDE8A00FA09C1 /* Schedule */ = {
			isa = PBXGroup;
			children = (
				D62D8C0F2518D9B200548FBF /* ScheduleViewController.swift */,
				D68127EF252EE04300E9D7CA /* TimeScheduleXib.xib */,
				D62D8C0E2518D9B200548FBF /* TimeScheduleXib.swift */,
			);
			path = Schedule;
			sourceTree = "<group>";
		};
		D6E68932252EDEB000FA09C1 /* Tabbar */ = {
			isa = PBXGroup;
			children = (
				D664E1A0252A0A09007F0253 /* TabbarViewController.swift */,
				D664E1BA252A0A1D007F0253 /* TabbarView.swift */,
			);
			path = Tabbar;
			sourceTree = "<group>";
		};
		D6F39D25257E1390006ED3C1 /* Coordinator */ = {
			isa = PBXGroup;
			children = (
				D6B3A3DB2582E9D9005C36E6 /* MyPageCoordinator.swift */,
				D6B3A3D72582E9D9005C36E6 /* NoticeCoordinator.swift */,
				D6B3A3D82582E9D9005C36E6 /* ScheduleCoordinator.swift */,
				D6B3A3DA2582E9D9005C36E6 /* TabbarCoordinator.swift */,
				D67F3334257E76A10086F75E /* OutGoingCoordinator.swift */,
				D6F39D26257E13A3006ED3C1 /* Coordinator.swift */,
				D6F39D38257E3AAA006ED3C1 /* AppCoordinator.swift */,
			);
			path = Coordinator;
			sourceTree = "<group>";
		};
		D6F8C940259B62AE00DE967A /* Login */ = {
			isa = PBXGroup;
			children = (
				D6F8C93D259B628100DE967A /* LoginModel.swift */,
			);
			path = Login;
			sourceTree = "<group>";
		};
		D6F8C944259B639600DE967A /* Schedule */ = {
			isa = PBXGroup;
			children = (
				D6B9EE0925A57C54006D66EC /* TimeTableModel.swift */,
				D6F8C941259B638100DE967A /* ScheduleModel.swift */,
			);
			path = Schedule;
			sourceTree = "<group>";
		};
		D6F8C94F259B650D00DE967A /* Schedule */ = {
			isa = PBXGroup;
			children = (
				D62D8C142518D9B200548FBF /* ScheduleCell.swift */,
				D62D8C122518D9B200548FBF /* ScheduleCell.xib */,
			);
			path = Schedule;
			sourceTree = "<group>";
		};
		D6F8C955259B659200DE967A /* OutGoing */ = {
			isa = PBXGroup;
			children = (
				D6F8C957259B659C00DE967A /* OutGoingLogTableViewCell.swift */,
				D6F8C956259B659C00DE967A /* LocationTableViewCell.swift */,
				D66988C225A2FEF0006A1F38 /* LocationTableViewCell.xib */,
			);
			path = OutGoing;
			sourceTree = "<group>";
		};
		D6F8C977259C3DB600DE967A /* AlertXib */ = {
			isa = PBXGroup;
			children = (
				D6F8C96F259C1B3200DE967A /* OutGoingAlertXib.swift */,
				D6F8C973259C280600DE967A /* OutGoingAlertXib.xib */,
				D6F8C97C259C958200DE967A /* OutGoingLocationAlertXib.swift */,
				D669880225A29A05006A1F38 /* OutGoingLocationAlertXib.xib */,
			);
			path = AlertXib;
			sourceTree = "<group>";
		};
/* End PBXGroup section */

/* Begin PBXNativeTarget section */
		479DB1312502522C009A8B08 /* SMS */ = {
			isa = PBXNativeTarget;
			buildConfigurationList = 479DB1462502522E009A8B08 /* Build configuration list for PBXNativeTarget "SMS" */;
			buildPhases = (
				FAEDAEFE406CF07B3414629E /* [CP] Check Pods Manifest.lock */,
				479DB12E2502522C009A8B08 /* Sources */,
				479DB12F2502522C009A8B08 /* Frameworks */,
				479DB1302502522C009A8B08 /* Resources */,
				E2C67590B9B90057899068A9 /* [CP] Embed Pods Frameworks */,
			);
			buildRules = (
			);
			dependencies = (
			);
			name = SMS;
			packageProductDependencies = (
				D66988AF25A2ECF8006A1F38 /* AesEverywhere */,
			);
			productName = SMS;
			productReference = 479DB1322502522C009A8B08 /* SMS.app */;
			productType = "com.apple.product-type.application";
		};
/* End PBXNativeTarget section */

/* Begin PBXProject section */
		479DB12A2502522C009A8B08 /* Project object */ = {
			isa = PBXProject;
			attributes = {
				LastSwiftUpdateCheck = 1150;
				LastUpgradeCheck = 1210;
				ORGANIZATIONNAME = DohyunKim;
				TargetAttributes = {
					479DB1312502522C009A8B08 = {
						CreatedOnToolsVersion = 11.5;
					};
				};
			};
			buildConfigurationList = 479DB12D2502522C009A8B08 /* Build configuration list for PBXProject "SMS" */;
			compatibilityVersion = "Xcode 9.3";
			developmentRegion = en;
			hasScannedForEncodings = 0;
			knownRegions = (
				en,
				Base,
			);
			mainGroup = 479DB1292502522C009A8B08;
			packageReferences = (
				D66988AE25A2ECF8006A1F38 /* XCRemoteSwiftPackageReference "aes-everywhere-swift" */,
			);
			productRefGroup = 479DB1332502522C009A8B08 /* Products */;
			projectDirPath = "";
			projectRoot = "";
			targets = (
				479DB1312502522C009A8B08 /* SMS */,
			);
		};
/* End PBXProject section */

/* Begin PBXResourcesBuildPhase section */
		479DB1302502522C009A8B08 /* Resources */ = {
			isa = PBXResourcesBuildPhase;
			buildActionMask = 2147483647;
			files = (
				D696141F25E66E3A00E880D9 /* README in Resources */,
				D696142025E66E3A00E880D9 /* NotoSansCJKkr-Light.otf in Resources */,
				D68127F0252EE04300E9D7CA /* TimeScheduleXib.xib in Resources */,
				D696141E25E66E3A00E880D9 /* NotoSansCJKkr-Medium.otf in Resources */,
				D664E1C8252A0C8E007F0253 /* CustomCell.xib in Resources */,
				D696142325E66E3A00E880D9 /* NotoSansCJKkr-Bold.otf in Resources */,
				D696141D25E66E3A00E880D9 /* NotoSansCJKkr-Black.otf in Resources */,
				D66988C325A2FEF0006A1F38 /* LocationTableViewCell.xib in Resources */,
				47131020250253C000ED348C /* Auth.storyboard in Resources */,
				4766CA222510D0170060B330 /* MyPage.storyboard in Resources */,
				D6F8C974259C280600DE967A /* OutGoingAlertXib.xib in Resources */,
				D696141B25E66E3A00E880D9 /* NotoSansMonoCJKkr-Regular.otf in Resources */,
				D696142225E66E3A00E880D9 /* NotoSansCJKkr-Regular.otf in Resources */,
				D696141A25E66E3A00E880D9 /* NotoSansMonoCJKkr-Bold.otf in Resources */,
				D669880325A29A05006A1F38 /* OutGoingLocationAlertXib.xib in Resources */,
				4720FE2425119CE300BAE75A /* Notice.storyboard in Resources */,
				D62D8C1B2518D9B200548FBF /* ScheduleCell.xib in Resources */,
				D68BEE5D252C8A6D0008E2EB /* PageCell.xib in Resources */,
				477FF0B1250A015D0056E1D4 /* OutGoing.storyboard in Resources */,
				479DB13F2502522E009A8B08 /* Assets.xcassets in Resources */,
				D696141C25E66E3A00E880D9 /* NotoSansCJKkr-DemiLight.otf in Resources */,
				D6812861252F182100E9D7CA /* LaunchScreen.storyboard in Resources */,
				D62D8C1A2518D9B200548FBF /* Schedule.storyboard in Resources */,
				D696142425E66E3A00E880D9 /* LICENSE_OFL.txt in Resources */,
				D696142125E66E3A00E880D9 /* NotoSansCJKkr-Thin.otf in Resources */,
			);
			runOnlyForDeploymentPostprocessing = 0;
		};
/* End PBXResourcesBuildPhase section */

/* Begin PBXShellScriptBuildPhase section */
		E2C67590B9B90057899068A9 /* [CP] Embed Pods Frameworks */ = {
			isa = PBXShellScriptBuildPhase;
			buildActionMask = 2147483647;
			files = (
			);
			inputFileListPaths = (
				"${PODS_ROOT}/Target Support Files/Pods-SMS/Pods-SMS-frameworks-${CONFIGURATION}-input-files.xcfilelist",
			);
			name = "[CP] Embed Pods Frameworks";
			outputFileListPaths = (
				"${PODS_ROOT}/Target Support Files/Pods-SMS/Pods-SMS-frameworks-${CONFIGURATION}-output-files.xcfilelist",
			);
			runOnlyForDeploymentPostprocessing = 0;
			shellPath = /bin/sh;
			shellScript = "\"${PODS_ROOT}/Target Support Files/Pods-SMS/Pods-SMS-frameworks.sh\"\n";
			showEnvVarsInLog = 0;
		};
		FAEDAEFE406CF07B3414629E /* [CP] Check Pods Manifest.lock */ = {
			isa = PBXShellScriptBuildPhase;
			buildActionMask = 2147483647;
			files = (
			);
			inputFileListPaths = (
			);
			inputPaths = (
				"${PODS_PODFILE_DIR_PATH}/Podfile.lock",
				"${PODS_ROOT}/Manifest.lock",
			);
			name = "[CP] Check Pods Manifest.lock";
			outputFileListPaths = (
			);
			outputPaths = (
				"$(DERIVED_FILE_DIR)/Pods-SMS-checkManifestLockResult.txt",
			);
			runOnlyForDeploymentPostprocessing = 0;
			shellPath = /bin/sh;
			shellScript = "diff \"${PODS_PODFILE_DIR_PATH}/Podfile.lock\" \"${PODS_ROOT}/Manifest.lock\" > /dev/null\nif [ $? != 0 ] ; then\n    # print error to STDERR\n    echo \"error: The sandbox is not in sync with the Podfile.lock. Run 'pod install' or update your CocoaPods installation.\" >&2\n    exit 1\nfi\n# This output is used by Xcode 'outputs' to avoid re-running this script phase.\necho \"SUCCESS\" > \"${SCRIPT_OUTPUT_FILE_0}\"\n";
			showEnvVarsInLog = 0;
		};
/* End PBXShellScriptBuildPhase section */

/* Begin PBXSourcesBuildPhase section */
		479DB12E2502522C009A8B08 /* Sources */ = {
			isa = PBXSourcesBuildPhase;
			buildActionMask = 2147483647;
			files = (
				47131025250255C900ED348C /* LoginViewController.swift in Sources */,
				D6B3A3FB2582F0BF005C36E6 /* NoticeDetailViewController.swift in Sources */,
				D6F8C970259C1B3200DE967A /* OutGoingAlertXib.swift in Sources */,
				D67F3338257E76A10086F75E /* OutGoingCoordinator.swift in Sources */,
				D67F3306257E76140086F75E /* SMSAPIClient.swift in Sources */,
				D630C8F82586E1C900BD07C3 /* UnixStamp.swift in Sources */,
				D630C8FB2587761600BD07C3 /* Storyboarded.swift in Sources */,
				D6F8C95C259B65FF00DE967A /* UITextField.swift in Sources */,
				D6F8C97D259C958200DE967A /* OutGoingLocationAlertXib.swift in Sources */,
				D6B8EE93255CA98E00F1F21E /* GlobalProperties.swift in Sources */,
				D62D8C3B2518DABE00548FBF /* OutGoingNoticeViewController.swift in Sources */,
				D67F32EF257E751A0086F75E /* UIView.swift in Sources */,
				D62D8C372518DABE00548FBF /* MypageViewController.swift in Sources */,
				D62D8C1C2518D9B200548FBF /* CalendarCollectionViewCell.swift in Sources */,
				D62D8C2E2518DABE00548FBF /* OutGoingPopDeedViewController.swift in Sources */,
				478B988E25B99FAD002167EC /* MypageChangePWViewModel.swift in Sources */,
				D62D8C1D2518D9B200548FBF /* ScheduleCell.swift in Sources */,
				D6B3A3DD2582E9D9005C36E6 /* ScheduleCoordinator.swift in Sources */,
				D67F3320257E76480086F75E /* ViewModelType.swift in Sources */,
				D6B8EE8F255CA97200F1F21E /* AppDelegate.swift in Sources */,
				D62D8C352518DABE00548FBF /* MypageChangePWViewController.swift in Sources */,
				D6F8C93A259B5DA100DE967A /* OutGoingCardModel.swift in Sources */,
				D67F331A257E76480086F75E /* ScheduleViewModel.swift in Sources */,
				D6B3A3DF2582E9D9005C36E6 /* TabbarCoordinator.swift in Sources */,
				D67F32DB257E74B90086F75E /* UICell.swift in Sources */,
				D62D8C362518DABE00548FBF /* MypageIntroduceDevViewController.swift in Sources */,
				D6F39D39257E3AAA006ED3C1 /* AppCoordinator.swift in Sources */,
				478B988B25B1D609002167EC /* MypageModel.swift in Sources */,
				D696142B25E6709E00E880D9 /* CheckCertificationNumberViewController.swift in Sources */,
				D62D8C312518DABE00548FBF /* OutGoingApplyViewController.swift in Sources */,
				D62D8C3A2518DABE00548FBF /* NoticeViewController.swift in Sources */,
				D6B9EE0A25A57C54006D66EC /* TimeTableModel.swift in Sources */,
				47AA50B2257F40D30003F87D /* LoginViewModel.swift in Sources */,
				D62D8C322518DABE00548FBF /* MypageLogoutViewController.swift in Sources */,
				47AA508E257F407F0003F87D /* SMSAPI.swift in Sources */,
				D62D8C342518DABE00548FBF /* OutGoingLogViewController.swift in Sources */,
				47AA50AC257F40D30003F87D /* OutGoingApplyViewModel.swift in Sources */,
				D6B3A3E02582E9D9005C36E6 /* MyPageCoordinator.swift in Sources */,
				D6F8C942259B638100DE967A /* ScheduleModel.swift in Sources */,
				47AA5085257F40640003F87D /* CustomeShadowView.swift in Sources */,
				D6F8C94A259B647F00DE967A /* OutLocationModel.swift in Sources */,
				4728354B25A5D3E800EA211B /* MypageViewModel.swift in Sources */,
				D67F32F9257E75890086F75E /* StoryBoardName.swift in Sources */,
				D664E1B0252A0A09007F0253 /* TabbarViewController.swift in Sources */,
				D67F3307257E76140086F75E /* StatusCode.swift in Sources */,
				477FF0B3250A04CF0056E1D4 /* OutGoingViewController.swift in Sources */,
				D696142825E66F8500E880D9 /* RegisterViewController.swift in Sources */,
				D6B3A3DC2582E9D9005C36E6 /* NoticeCoordinator.swift in Sources */,
				D67F32F0257E751A0086F75E /* UIColor.swift in Sources */,
				D62D8C182518D9B200548FBF /* ScheduleViewController.swift in Sources */,
				D67F3300257E75F90086F75E /* CustomShadowButton.swift in Sources */,
				D67F32F3257E753C0086F75E /* UIViewController.swift in Sources */,
				D62D8C172518D9B200548FBF /* TimeScheduleXib.swift in Sources */,
				D62D8C2D2518DABE00548FBF /* MypageChangePWAlertViewController.swift in Sources */,
				D62D8C2F2518DABE00548FBF /* OutGoingCompletedViewController.swift in Sources */,
				478B989125B9A09F002167EC /* MypagePWChangeModel.swift in Sources */,
				D6F39D27257E13A3006ED3C1 /* Coordinator.swift in Sources */,
				D664E1BC252A0A1D007F0253 /* PageCell.swift in Sources */,
				4728354725A5D3C300EA211B /* DevCollectionViewCell.swift in Sources */,
				D6F8C958259B659C00DE967A /* LocationTableViewCell.swift in Sources */,
				D6F8C93E259B628100DE967A /* LoginModel.swift in Sources */,
				D6F8C959259B659C00DE967A /* OutGoingLogTableViewCell.swift in Sources */,
				D664E1C9252A0C8E007F0253 /* CustomCell.swift in Sources */,
				D6B3A40125838EC2005C36E6 /* OutGoingModel.swift in Sources */,
				4787401725C939B4001976A3 /* MypageLogoutViewModel.swift in Sources */,
				D6B3A4142586D9B3005C36E6 /* OutGoingLogModel.swift in Sources */,
				D664E1C3252A0A1D007F0253 /* TabbarView.swift in Sources */,
			);
			runOnlyForDeploymentPostprocessing = 0;
		};
/* End PBXSourcesBuildPhase section */

/* Begin XCBuildConfiguration section */
		479DB1442502522E009A8B08 /* Debug */ = {
			isa = XCBuildConfiguration;
			buildSettings = {
				ALWAYS_SEARCH_USER_PATHS = NO;
				CLANG_ANALYZER_NONNULL = YES;
				CLANG_ANALYZER_NUMBER_OBJECT_CONVERSION = YES_AGGRESSIVE;
				CLANG_CXX_LANGUAGE_STANDARD = "gnu++14";
				CLANG_CXX_LIBRARY = "libc++";
				CLANG_ENABLE_MODULES = YES;
				CLANG_ENABLE_OBJC_ARC = YES;
				CLANG_ENABLE_OBJC_WEAK = YES;
				CLANG_WARN_BLOCK_CAPTURE_AUTORELEASING = YES;
				CLANG_WARN_BOOL_CONVERSION = YES;
				CLANG_WARN_COMMA = YES;
				CLANG_WARN_CONSTANT_CONVERSION = YES;
				CLANG_WARN_DEPRECATED_OBJC_IMPLEMENTATIONS = YES;
				CLANG_WARN_DIRECT_OBJC_ISA_USAGE = YES_ERROR;
				CLANG_WARN_DOCUMENTATION_COMMENTS = YES;
				CLANG_WARN_EMPTY_BODY = YES;
				CLANG_WARN_ENUM_CONVERSION = YES;
				CLANG_WARN_INFINITE_RECURSION = YES;
				CLANG_WARN_INT_CONVERSION = YES;
				CLANG_WARN_NON_LITERAL_NULL_CONVERSION = YES;
				CLANG_WARN_OBJC_IMPLICIT_RETAIN_SELF = YES;
				CLANG_WARN_OBJC_LITERAL_CONVERSION = YES;
				CLANG_WARN_OBJC_ROOT_CLASS = YES_ERROR;
				CLANG_WARN_QUOTED_INCLUDE_IN_FRAMEWORK_HEADER = YES;
				CLANG_WARN_RANGE_LOOP_ANALYSIS = YES;
				CLANG_WARN_STRICT_PROTOTYPES = YES;
				CLANG_WARN_SUSPICIOUS_MOVE = YES;
				CLANG_WARN_UNGUARDED_AVAILABILITY = YES_AGGRESSIVE;
				CLANG_WARN_UNREACHABLE_CODE = YES;
				CLANG_WARN__DUPLICATE_METHOD_MATCH = YES;
				COPY_PHASE_STRIP = NO;
				DEBUG_INFORMATION_FORMAT = dwarf;
				ENABLE_STRICT_OBJC_MSGSEND = YES;
				ENABLE_TESTABILITY = YES;
				GCC_C_LANGUAGE_STANDARD = gnu11;
				GCC_DYNAMIC_NO_PIC = NO;
				GCC_NO_COMMON_BLOCKS = YES;
				GCC_OPTIMIZATION_LEVEL = 0;
				GCC_PREPROCESSOR_DEFINITIONS = (
					"DEBUG=1",
					"$(inherited)",
				);
				GCC_WARN_64_TO_32_BIT_CONVERSION = YES;
				GCC_WARN_ABOUT_RETURN_TYPE = YES_ERROR;
				GCC_WARN_UNDECLARED_SELECTOR = YES;
				GCC_WARN_UNINITIALIZED_AUTOS = YES_AGGRESSIVE;
				GCC_WARN_UNUSED_FUNCTION = YES;
				GCC_WARN_UNUSED_VARIABLE = YES;
				IPHONEOS_DEPLOYMENT_TARGET = 13.5;
				MTL_ENABLE_DEBUG_INFO = INCLUDE_SOURCE;
				MTL_FAST_MATH = YES;
				ONLY_ACTIVE_ARCH = YES;
				SDKROOT = iphoneos;
				SWIFT_ACTIVE_COMPILATION_CONDITIONS = DEBUG;
				SWIFT_OPTIMIZATION_LEVEL = "-Onone";
			};
			name = Debug;
		};
		479DB1452502522E009A8B08 /* Release */ = {
			isa = XCBuildConfiguration;
			buildSettings = {
				ALWAYS_SEARCH_USER_PATHS = NO;
				CLANG_ANALYZER_NONNULL = YES;
				CLANG_ANALYZER_NUMBER_OBJECT_CONVERSION = YES_AGGRESSIVE;
				CLANG_CXX_LANGUAGE_STANDARD = "gnu++14";
				CLANG_CXX_LIBRARY = "libc++";
				CLANG_ENABLE_MODULES = YES;
				CLANG_ENABLE_OBJC_ARC = YES;
				CLANG_ENABLE_OBJC_WEAK = YES;
				CLANG_WARN_BLOCK_CAPTURE_AUTORELEASING = YES;
				CLANG_WARN_BOOL_CONVERSION = YES;
				CLANG_WARN_COMMA = YES;
				CLANG_WARN_CONSTANT_CONVERSION = YES;
				CLANG_WARN_DEPRECATED_OBJC_IMPLEMENTATIONS = YES;
				CLANG_WARN_DIRECT_OBJC_ISA_USAGE = YES_ERROR;
				CLANG_WARN_DOCUMENTATION_COMMENTS = YES;
				CLANG_WARN_EMPTY_BODY = YES;
				CLANG_WARN_ENUM_CONVERSION = YES;
				CLANG_WARN_INFINITE_RECURSION = YES;
				CLANG_WARN_INT_CONVERSION = YES;
				CLANG_WARN_NON_LITERAL_NULL_CONVERSION = YES;
				CLANG_WARN_OBJC_IMPLICIT_RETAIN_SELF = YES;
				CLANG_WARN_OBJC_LITERAL_CONVERSION = YES;
				CLANG_WARN_OBJC_ROOT_CLASS = YES_ERROR;
				CLANG_WARN_QUOTED_INCLUDE_IN_FRAMEWORK_HEADER = YES;
				CLANG_WARN_RANGE_LOOP_ANALYSIS = YES;
				CLANG_WARN_STRICT_PROTOTYPES = YES;
				CLANG_WARN_SUSPICIOUS_MOVE = YES;
				CLANG_WARN_UNGUARDED_AVAILABILITY = YES_AGGRESSIVE;
				CLANG_WARN_UNREACHABLE_CODE = YES;
				CLANG_WARN__DUPLICATE_METHOD_MATCH = YES;
				COPY_PHASE_STRIP = NO;
				DEBUG_INFORMATION_FORMAT = "dwarf-with-dsym";
				ENABLE_NS_ASSERTIONS = NO;
				ENABLE_STRICT_OBJC_MSGSEND = YES;
				GCC_C_LANGUAGE_STANDARD = gnu11;
				GCC_NO_COMMON_BLOCKS = YES;
				GCC_WARN_64_TO_32_BIT_CONVERSION = YES;
				GCC_WARN_ABOUT_RETURN_TYPE = YES_ERROR;
				GCC_WARN_UNDECLARED_SELECTOR = YES;
				GCC_WARN_UNINITIALIZED_AUTOS = YES_AGGRESSIVE;
				GCC_WARN_UNUSED_FUNCTION = YES;
				GCC_WARN_UNUSED_VARIABLE = YES;
				IPHONEOS_DEPLOYMENT_TARGET = 13.5;
				MTL_ENABLE_DEBUG_INFO = NO;
				MTL_FAST_MATH = YES;
				SDKROOT = iphoneos;
				SWIFT_COMPILATION_MODE = wholemodule;
				SWIFT_OPTIMIZATION_LEVEL = "-O";
				VALIDATE_PRODUCT = YES;
			};
			name = Release;
		};
		479DB1472502522E009A8B08 /* Debug */ = {
			isa = XCBuildConfiguration;
			baseConfigurationReference = BCB747EAB641ED86BA323425 /* Pods-SMS.debug.xcconfig */;
			buildSettings = {
				ASSETCATALOG_COMPILER_APPICON_NAME = AppIcon;
				CODE_SIGN_STYLE = Automatic;
				DEVELOPMENT_TEAM = VSX6758FTG;
				INFOPLIST_FILE = SMS/Info.plist;
				LD_RUNPATH_SEARCH_PATHS = (
					"$(inherited)",
					"@executable_path/Frameworks",
				);
				PRODUCT_BUNDLE_IDENTIFIER = DohyunKim.SMS;
				PRODUCT_NAME = "$(TARGET_NAME)";
				SWIFT_VERSION = 5.0;
				TARGETED_DEVICE_FAMILY = "1,2";
			};
			name = Debug;
		};
		479DB1482502522E009A8B08 /* Release */ = {
			isa = XCBuildConfiguration;
			baseConfigurationReference = DC955CA14428B1D4F1697094 /* Pods-SMS.release.xcconfig */;
			buildSettings = {
				ASSETCATALOG_COMPILER_APPICON_NAME = AppIcon;
				CODE_SIGN_STYLE = Automatic;
				DEVELOPMENT_TEAM = VSX6758FTG;
				INFOPLIST_FILE = SMS/Info.plist;
				LD_RUNPATH_SEARCH_PATHS = (
					"$(inherited)",
					"@executable_path/Frameworks",
				);
				PRODUCT_BUNDLE_IDENTIFIER = DohyunKim.SMS;
				PRODUCT_NAME = "$(TARGET_NAME)";
				SWIFT_VERSION = 5.0;
				TARGETED_DEVICE_FAMILY = "1,2";
			};
			name = Release;
		};
/* End XCBuildConfiguration section */

/* Begin XCConfigurationList section */
		479DB12D2502522C009A8B08 /* Build configuration list for PBXProject "SMS" */ = {
			isa = XCConfigurationList;
			buildConfigurations = (
				479DB1442502522E009A8B08 /* Debug */,
				479DB1452502522E009A8B08 /* Release */,
			);
			defaultConfigurationIsVisible = 0;
			defaultConfigurationName = Release;
		};
		479DB1462502522E009A8B08 /* Build configuration list for PBXNativeTarget "SMS" */ = {
			isa = XCConfigurationList;
			buildConfigurations = (
				479DB1472502522E009A8B08 /* Debug */,
				479DB1482502522E009A8B08 /* Release */,
			);
			defaultConfigurationIsVisible = 0;
			defaultConfigurationName = Release;
		};
/* End XCConfigurationList section */

/* Begin XCRemoteSwiftPackageReference section */
		D66988AE25A2ECF8006A1F38 /* XCRemoteSwiftPackageReference "aes-everywhere-swift" */ = {
			isa = XCRemoteSwiftPackageReference;
			repositoryURL = "https://github.com/mervick/aes-everywhere-swift.git";
			requirement = {
				branch = master;
				kind = branch;
			};
		};
/* End XCRemoteSwiftPackageReference section */

/* Begin XCSwiftPackageProductDependency section */
		D66988AF25A2ECF8006A1F38 /* AesEverywhere */ = {
			isa = XCSwiftPackageProductDependency;
			package = D66988AE25A2ECF8006A1F38 /* XCRemoteSwiftPackageReference "aes-everywhere-swift" */;
			productName = AesEverywhere;
		};
/* End XCSwiftPackageProductDependency section */
	};
	rootObject = 479DB12A2502522C009A8B08 /* Project object */;
}
