// !$*UTF8*$!
{
	archiveVersion = 1;
	classes = {
	};
	objectVersion = 50;
	objects = {

/* Begin PBXBuildFile section */
		4720F80224DD43A50094BD4A /* AppDelegate.swift in Sources */ = {isa = PBXBuildFile; fileRef = 4720F80124DD43A50094BD4A /* AppDelegate.swift */; };
		4720F80424DD43A50094BD4A /* SceneDelegate.swift in Sources */ = {isa = PBXBuildFile; fileRef = 4720F80324DD43A50094BD4A /* SceneDelegate.swift */; };
		4720F80624DD43A50094BD4A /* ViewController.swift in Sources */ = {isa = PBXBuildFile; fileRef = 4720F80524DD43A50094BD4A /* ViewController.swift */; };
		4720F80924DD43A60094BD4A /* Main.storyboard in Resources */ = {isa = PBXBuildFile; fileRef = 4720F80724DD43A60094BD4A /* Main.storyboard */; };
		4720F80B24DD43A80094BD4A /* Assets.xcassets in Resources */ = {isa = PBXBuildFile; fileRef = 4720F80A24DD43A80094BD4A /* Assets.xcassets */; };
		4720F80E24DD43A80094BD4A /* LaunchScreen.storyboard in Resources */ = {isa = PBXBuildFile; fileRef = 4720F80C24DD43A80094BD4A /* LaunchScreen.storyboard */; };
		DC30AD3B6F0BBD2EB41507EC /* Pods_SMS_iOS_V1.framework in Frameworks */ = {isa = PBXBuildFile; fileRef = 5F0E89ADB119C329727DA6FC /* Pods_SMS_iOS_V1.framework */; };
/* End PBXBuildFile section */

/* Begin PBXFileReference section */
		4720F7FE24DD43A50094BD4A /* SMS_iOS_V1.app */ = {isa = PBXFileReference; explicitFileType = wrapper.application; includeInIndex = 0; path = SMS_iOS_V1.app; sourceTree = BUILT_PRODUCTS_DIR; };
		4720F80124DD43A50094BD4A /* AppDelegate.swift */ = {isa = PBXFileReference; lastKnownFileType = sourcecode.swift; path = AppDelegate.swift; sourceTree = "<group>"; };
		4720F80324DD43A50094BD4A /* SceneDelegate.swift */ = {isa = PBXFileReference; lastKnownFileType = sourcecode.swift; path = SceneDelegate.swift; sourceTree = "<group>"; };
		4720F80524DD43A50094BD4A /* ViewController.swift */ = {isa = PBXFileReference; lastKnownFileType = sourcecode.swift; path = ViewController.swift; sourceTree = "<group>"; };
		4720F80824DD43A60094BD4A /* Base */ = {isa = PBXFileReference; lastKnownFileType = file.storyboard; name = Base; path = Base.lproj/Main.storyboard; sourceTree = "<group>"; };
		4720F80A24DD43A80094BD4A /* Assets.xcassets */ = {isa = PBXFileReference; lastKnownFileType = folder.assetcatalog; path = Assets.xcassets; sourceTree = "<group>"; };
		4720F80D24DD43A80094BD4A /* Base */ = {isa = PBXFileReference; lastKnownFileType = file.storyboard; name = Base; path = Base.lproj/LaunchScreen.storyboard; sourceTree = "<group>"; };
		4720F80F24DD43A80094BD4A /* Info.plist */ = {isa = PBXFileReference; lastKnownFileType = text.plist.xml; path = Info.plist; sourceTree = "<group>"; };
		5F0E89ADB119C329727DA6FC /* Pods_SMS_iOS_V1.framework */ = {isa = PBXFileReference; explicitFileType = wrapper.framework; includeInIndex = 0; path = Pods_SMS_iOS_V1.framework; sourceTree = BUILT_PRODUCTS_DIR; };
		92726ECE84538B252AE4CF16 /* Pods-SMS_iOS_V1.debug.xcconfig */ = {isa = PBXFileReference; includeInIndex = 1; lastKnownFileType = text.xcconfig; name = "Pods-SMS_iOS_V1.debug.xcconfig"; path = "Target Support Files/Pods-SMS_iOS_V1/Pods-SMS_iOS_V1.debug.xcconfig"; sourceTree = "<group>"; };
		C3D003F00B0EDD2326EC7880 /* Pods-SMS_iOS_V1.release.xcconfig */ = {isa = PBXFileReference; includeInIndex = 1; lastKnownFileType = text.xcconfig; name = "Pods-SMS_iOS_V1.release.xcconfig"; path = "Target Support Files/Pods-SMS_iOS_V1/Pods-SMS_iOS_V1.release.xcconfig"; sourceTree = "<group>"; };
/* End PBXFileReference section */

/* Begin PBXFrameworksBuildPhase section */
		4720F7FB24DD43A50094BD4A /* Frameworks */ = {
			isa = PBXFrameworksBuildPhase;
			buildActionMask = 2147483647;
			files = (
				DC30AD3B6F0BBD2EB41507EC /* Pods_SMS_iOS_V1.framework in Frameworks */,
			);
			runOnlyForDeploymentPostprocessing = 0;
		};
/* End PBXFrameworksBuildPhase section */

/* Begin PBXGroup section */
		4720F7F524DD43A50094BD4A = {
			isa = PBXGroup;
			children = (
				4720F80024DD43A50094BD4A /* SMS_iOS_V1 */,
				4720F7FF24DD43A50094BD4A /* Products */,
				E340D8B3923C31D8BD2530CB /* Pods */,
				D928350C2E8B339777F8E724 /* Frameworks */,
			);
			sourceTree = "<group>";
		};
		4720F7FF24DD43A50094BD4A /* Products */ = {
			isa = PBXGroup;
			children = (
				4720F7FE24DD43A50094BD4A /* SMS_iOS_V1.app */,
			);
			name = Products;
			sourceTree = "<group>";
		};
		4720F80024DD43A50094BD4A /* SMS_iOS_V1 */ = {
			isa = PBXGroup;
			children = (
				4720F80124DD43A50094BD4A /* AppDelegate.swift */,
				4720F80324DD43A50094BD4A /* SceneDelegate.swift */,
				4720F80524DD43A50094BD4A /* ViewController.swift */,
				4720F80724DD43A60094BD4A /* Main.storyboard */,
				4720F80A24DD43A80094BD4A /* Assets.xcassets */,
				4720F80C24DD43A80094BD4A /* LaunchScreen.storyboard */,
				4720F80F24DD43A80094BD4A /* Info.plist */,
			);
			path = SMS_iOS_V1;
			sourceTree = "<group>";
		};
		D928350C2E8B339777F8E724 /* Frameworks */ = {
			isa = PBXGroup;
			children = (
				5F0E89ADB119C329727DA6FC /* Pods_SMS_iOS_V1.framework */,
			);
			name = Frameworks;
			sourceTree = "<group>";
		};
		E340D8B3923C31D8BD2530CB /* Pods */ = {
			isa = PBXGroup;
			children = (
				92726ECE84538B252AE4CF16 /* Pods-SMS_iOS_V1.debug.xcconfig */,
				C3D003F00B0EDD2326EC7880 /* Pods-SMS_iOS_V1.release.xcconfig */,
			);
			name = Pods;
			path = Pods;
			sourceTree = "<group>";
		};
/* End PBXGroup section */

/* Begin PBXNativeTarget section */
		4720F7FD24DD43A50094BD4A /* SMS_iOS_V1 */ = {
			isa = PBXNativeTarget;
			buildConfigurationList = 4720F81224DD43A80094BD4A /* Build configuration list for PBXNativeTarget "SMS_iOS_V1" */;
			buildPhases = (
				331A4678C20A8D82017628C1 /* [CP] Check Pods Manifest.lock */,
				4720F7FA24DD43A50094BD4A /* Sources */,
				4720F7FB24DD43A50094BD4A /* Frameworks */,
				4720F7FC24DD43A50094BD4A /* Resources */,
				B1822B9EE854338605439AD0 /* [CP] Embed Pods Frameworks */,
			);
			buildRules = (
			);
			dependencies = (
			);
			name = SMS_iOS_V1;
			productName = SMS_iOS_V1;
			productReference = 4720F7FE24DD43A50094BD4A /* SMS_iOS_V1.app */;
			productType = "com.apple.product-type.application";
		};
/* End PBXNativeTarget section */

/* Begin PBXProject section */
		4720F7F624DD43A50094BD4A /* Project object */ = {
			isa = PBXProject;
			attributes = {
				LastSwiftUpdateCheck = 1150;
				LastUpgradeCheck = 1150;
				ORGANIZATIONNAME = DohyunKim;
				TargetAttributes = {
					4720F7FD24DD43A50094BD4A = {
						CreatedOnToolsVersion = 11.5;
					};
				};
			};
			buildConfigurationList = 4720F7F924DD43A50094BD4A /* Build configuration list for PBXProject "SMS_iOS_V1" */;
			compatibilityVersion = "Xcode 9.3";
			developmentRegion = en;
			hasScannedForEncodings = 0;
			knownRegions = (
				en,
				Base,
			);
			mainGroup = 4720F7F524DD43A50094BD4A;
			productRefGroup = 4720F7FF24DD43A50094BD4A /* Products */;
			projectDirPath = "";
			projectRoot = "";
			targets = (
				4720F7FD24DD43A50094BD4A /* SMS_iOS_V1 */,
			);
		};
/* End PBXProject section */

/* Begin PBXResourcesBuildPhase section */
		4720F7FC24DD43A50094BD4A /* Resources */ = {
			isa = PBXResourcesBuildPhase;
			buildActionMask = 2147483647;
			files = (
				4720F80E24DD43A80094BD4A /* LaunchScreen.storyboard in Resources */,
				4720F80B24DD43A80094BD4A /* Assets.xcassets in Resources */,
				4720F80924DD43A60094BD4A /* Main.storyboard in Resources */,
			);
			runOnlyForDeploymentPostprocessing = 0;
		};
/* End PBXResourcesBuildPhase section */

/* Begin PBXShellScriptBuildPhase section */
		331A4678C20A8D82017628C1 /* [CP] Check Pods Manifest.lock */ = {
			isa = PBXShellScriptBuildPhase;
			buildActionMask = 2147483647;
			files = (
			);
			inputFileListPaths = (
			);
			inputPaths = (
				"${PODS_PODFILE_DIR_PATH}/Podfile.lock",
				"${PODS_ROOT}/Manifest.lock",
			);
			name = "[CP] Check Pods Manifest.lock";
			outputFileListPaths = (
			);
			outputPaths = (
				"$(DERIVED_FILE_DIR)/Pods-SMS_iOS_V1-checkManifestLockResult.txt",
			);
			runOnlyForDeploymentPostprocessing = 0;
			shellPath = /bin/sh;
			shellScript = "diff \"${PODS_PODFILE_DIR_PATH}/Podfile.lock\" \"${PODS_ROOT}/Manifest.lock\" > /dev/null\nif [ $? != 0 ] ; then\n    # print error to STDERR\n    echo \"error: The sandbox is not in sync with the Podfile.lock. Run 'pod install' or update your CocoaPods installation.\" >&2\n    exit 1\nfi\n# This output is used by Xcode 'outputs' to avoid re-running this script phase.\necho \"SUCCESS\" > \"${SCRIPT_OUTPUT_FILE_0}\"\n";
			showEnvVarsInLog = 0;
		};
		B1822B9EE854338605439AD0 /* [CP] Embed Pods Frameworks */ = {
			isa = PBXShellScriptBuildPhase;
			buildActionMask = 2147483647;
			files = (
			);
			inputFileListPaths = (
				"${PODS_ROOT}/Target Support Files/Pods-SMS_iOS_V1/Pods-SMS_iOS_V1-frameworks-${CONFIGURATION}-input-files.xcfilelist",
			);
			name = "[CP] Embed Pods Frameworks";
			outputFileListPaths = (
				"${PODS_ROOT}/Target Support Files/Pods-SMS_iOS_V1/Pods-SMS_iOS_V1-frameworks-${CONFIGURATION}-output-files.xcfilelist",
			);
			runOnlyForDeploymentPostprocessing = 0;
			shellPath = /bin/sh;
			shellScript = "\"${PODS_ROOT}/Target Support Files/Pods-SMS_iOS_V1/Pods-SMS_iOS_V1-frameworks.sh\"\n";
			showEnvVarsInLog = 0;
		};
/* End PBXShellScriptBuildPhase section */

/* Begin PBXSourcesBuildPhase section */
		4720F7FA24DD43A50094BD4A /* Sources */ = {
			isa = PBXSourcesBuildPhase;
			buildActionMask = 2147483647;
			files = (
				4720F80624DD43A50094BD4A /* ViewController.swift in Sources */,
				4720F80224DD43A50094BD4A /* AppDelegate.swift in Sources */,
				4720F80424DD43A50094BD4A /* SceneDelegate.swift in Sources */,
			);
			runOnlyForDeploymentPostprocessing = 0;
		};
/* End PBXSourcesBuildPhase section */

/* Begin PBXVariantGroup section */
		4720F80724DD43A60094BD4A /* Main.storyboard */ = {
			isa = PBXVariantGroup;
			children = (
				4720F80824DD43A60094BD4A /* Base */,
			);
			name = Main.storyboard;
			sourceTree = "<group>";
		};
		4720F80C24DD43A80094BD4A /* LaunchScreen.storyboard */ = {
			isa = PBXVariantGroup;
			children = (
				4720F80D24DD43A80094BD4A /* Base */,
			);
			name = LaunchScreen.storyboard;
			sourceTree = "<group>";
		};
/* End PBXVariantGroup section */

/* Begin XCBuildConfiguration section */
		4720F81024DD43A80094BD4A /* Debug */ = {
			isa = XCBuildConfiguration;
			buildSettings = {
				ALWAYS_SEARCH_USER_PATHS = NO;
				CLANG_ANALYZER_NONNULL = YES;
				CLANG_ANALYZER_NUMBER_OBJECT_CONVERSION = YES_AGGRESSIVE;
				CLANG_CXX_LANGUAGE_STANDARD = "gnu++14";
				CLANG_CXX_LIBRARY = "libc++";
				CLANG_ENABLE_MODULES = YES;
				CLANG_ENABLE_OBJC_ARC = YES;
				CLANG_ENABLE_OBJC_WEAK = YES;
				CLANG_WARN_BLOCK_CAPTURE_AUTORELEASING = YES;
				CLANG_WARN_BOOL_CONVERSION = YES;
				CLANG_WARN_COMMA = YES;
				CLANG_WARN_CONSTANT_CONVERSION = YES;
				CLANG_WARN_DEPRECATED_OBJC_IMPLEMENTATIONS = YES;
				CLANG_WARN_DIRECT_OBJC_ISA_USAGE = YES_ERROR;
				CLANG_WARN_DOCUMENTATION_COMMENTS = YES;
				CLANG_WARN_EMPTY_BODY = YES;
				CLANG_WARN_ENUM_CONVERSION = YES;
				CLANG_WARN_INFINITE_RECURSION = YES;
				CLANG_WARN_INT_CONVERSION = YES;
				CLANG_WARN_NON_LITERAL_NULL_CONVERSION = YES;
				CLANG_WARN_OBJC_IMPLICIT_RETAIN_SELF = YES;
				CLANG_WARN_OBJC_LITERAL_CONVERSION = YES;
				CLANG_WARN_OBJC_ROOT_CLASS = YES_ERROR;
				CLANG_WARN_RANGE_LOOP_ANALYSIS = YES;
				CLANG_WARN_STRICT_PROTOTYPES = YES;
				CLANG_WARN_SUSPICIOUS_MOVE = YES;
				CLANG_WARN_UNGUARDED_AVAILABILITY = YES_AGGRESSIVE;
				CLANG_WARN_UNREACHABLE_CODE = YES;
				CLANG_WARN__DUPLICATE_METHOD_MATCH = YES;
				COPY_PHASE_STRIP = NO;
				DEBUG_INFORMATION_FORMAT = dwarf;
				ENABLE_STRICT_OBJC_MSGSEND = YES;
				ENABLE_TESTABILITY = YES;
				GCC_C_LANGUAGE_STANDARD = gnu11;
				GCC_DYNAMIC_NO_PIC = NO;
				GCC_NO_COMMON_BLOCKS = YES;
				GCC_OPTIMIZATION_LEVEL = 0;
				GCC_PREPROCESSOR_DEFINITIONS = (
					"DEBUG=1",
					"$(inherited)",
				);
				GCC_WARN_64_TO_32_BIT_CONVERSION = YES;
				GCC_WARN_ABOUT_RETURN_TYPE = YES_ERROR;
				GCC_WARN_UNDECLARED_SELECTOR = YES;
				GCC_WARN_UNINITIALIZED_AUTOS = YES_AGGRESSIVE;
				GCC_WARN_UNUSED_FUNCTION = YES;
				GCC_WARN_UNUSED_VARIABLE = YES;
				IPHONEOS_DEPLOYMENT_TARGET = 13.5;
				MTL_ENABLE_DEBUG_INFO = INCLUDE_SOURCE;
				MTL_FAST_MATH = YES;
				ONLY_ACTIVE_ARCH = YES;
				SDKROOT = iphoneos;
				SWIFT_ACTIVE_COMPILATION_CONDITIONS = DEBUG;
				SWIFT_OPTIMIZATION_LEVEL = "-Onone";
			};
			name = Debug;
		};
		4720F81124DD43A80094BD4A /* Release */ = {
			isa = XCBuildConfiguration;
			buildSettings = {
				ALWAYS_SEARCH_USER_PATHS = NO;
				CLANG_ANALYZER_NONNULL = YES;
				CLANG_ANALYZER_NUMBER_OBJECT_CONVERSION = YES_AGGRESSIVE;
				CLANG_CXX_LANGUAGE_STANDARD = "gnu++14";
				CLANG_CXX_LIBRARY = "libc++";
				CLANG_ENABLE_MODULES = YES;
				CLANG_ENABLE_OBJC_ARC = YES;
				CLANG_ENABLE_OBJC_WEAK = YES;
				CLANG_WARN_BLOCK_CAPTURE_AUTORELEASING = YES;
				CLANG_WARN_BOOL_CONVERSION = YES;
				CLANG_WARN_COMMA = YES;
				CLANG_WARN_CONSTANT_CONVERSION = YES;
				CLANG_WARN_DEPRECATED_OBJC_IMPLEMENTATIONS = YES;
				CLANG_WARN_DIRECT_OBJC_ISA_USAGE = YES_ERROR;
				CLANG_WARN_DOCUMENTATION_COMMENTS = YES;
				CLANG_WARN_EMPTY_BODY = YES;
				CLANG_WARN_ENUM_CONVERSION = YES;
				CLANG_WARN_INFINITE_RECURSION = YES;
				CLANG_WARN_INT_CONVERSION = YES;
				CLANG_WARN_NON_LITERAL_NULL_CONVERSION = YES;
				CLANG_WARN_OBJC_IMPLICIT_RETAIN_SELF = YES;
				CLANG_WARN_OBJC_LITERAL_CONVERSION = YES;
				CLANG_WARN_OBJC_ROOT_CLASS = YES_ERROR;
				CLANG_WARN_RANGE_LOOP_ANALYSIS = YES;
				CLANG_WARN_STRICT_PROTOTYPES = YES;
				CLANG_WARN_SUSPICIOUS_MOVE = YES;
				CLANG_WARN_UNGUARDED_AVAILABILITY = YES_AGGRESSIVE;
				CLANG_WARN_UNREACHABLE_CODE = YES;
				CLANG_WARN__DUPLICATE_METHOD_MATCH = YES;
				COPY_PHASE_STRIP = NO;
				DEBUG_INFORMATION_FORMAT = "dwarf-with-dsym";
				ENABLE_NS_ASSERTIONS = NO;
				ENABLE_STRICT_OBJC_MSGSEND = YES;
				GCC_C_LANGUAGE_STANDARD = gnu11;
				GCC_NO_COMMON_BLOCKS = YES;
				GCC_WARN_64_TO_32_BIT_CONVERSION = YES;
				GCC_WARN_ABOUT_RETURN_TYPE = YES_ERROR;
				GCC_WARN_UNDECLARED_SELECTOR = YES;
				GCC_WARN_UNINITIALIZED_AUTOS = YES_AGGRESSIVE;
				GCC_WARN_UNUSED_FUNCTION = YES;
				GCC_WARN_UNUSED_VARIABLE = YES;
				IPHONEOS_DEPLOYMENT_TARGET = 13.5;
				MTL_ENABLE_DEBUG_INFO = NO;
				MTL_FAST_MATH = YES;
				SDKROOT = iphoneos;
				SWIFT_COMPILATION_MODE = wholemodule;
				SWIFT_OPTIMIZATION_LEVEL = "-O";
				VALIDATE_PRODUCT = YES;
			};
			name = Release;
		};
		4720F81324DD43A80094BD4A /* Debug */ = {
			isa = XCBuildConfiguration;
			baseConfigurationReference = 92726ECE84538B252AE4CF16 /* Pods-SMS_iOS_V1.debug.xcconfig */;
			buildSettings = {
				ASSETCATALOG_COMPILER_APPICON_NAME = AppIcon;
				CODE_SIGN_STYLE = Automatic;
				DEVELOPMENT_TEAM = VSX6758FTG;
				INFOPLIST_FILE = SMS_iOS_V1/Info.plist;
				LD_RUNPATH_SEARCH_PATHS = (
					"$(inherited)",
					"@executable_path/Frameworks",
				);
				PRODUCT_BUNDLE_IDENTIFIER = "DohyunKim.SMS-iOS-V1";
				PRODUCT_NAME = "$(TARGET_NAME)";
				SWIFT_VERSION = 5.0;
				TARGETED_DEVICE_FAMILY = "1,2";
			};
			name = Debug;
		};
		4720F81424DD43A80094BD4A /* Release */ = {
			isa = XCBuildConfiguration;
			baseConfigurationReference = C3D003F00B0EDD2326EC7880 /* Pods-SMS_iOS_V1.release.xcconfig */;
			buildSettings = {
				ASSETCATALOG_COMPILER_APPICON_NAME = AppIcon;
				CODE_SIGN_STYLE = Automatic;
				DEVELOPMENT_TEAM = VSX6758FTG;
				INFOPLIST_FILE = SMS_iOS_V1/Info.plist;
				LD_RUNPATH_SEARCH_PATHS = (
					"$(inherited)",
					"@executable_path/Frameworks",
				);
				PRODUCT_BUNDLE_IDENTIFIER = "DohyunKim.SMS-iOS-V1";
				PRODUCT_NAME = "$(TARGET_NAME)";
				SWIFT_VERSION = 5.0;
				TARGETED_DEVICE_FAMILY = "1,2";
			};
			name = Release;
		};
/* End XCBuildConfiguration section */

/* Begin XCConfigurationList section */
		4720F7F924DD43A50094BD4A /* Build configuration list for PBXProject "SMS_iOS_V1" */ = {
			isa = XCConfigurationList;
			buildConfigurations = (
				4720F81024DD43A80094BD4A /* Debug */,
				4720F81124DD43A80094BD4A /* Release */,
			);
			defaultConfigurationIsVisible = 0;
			defaultConfigurationName = Release;
		};
		4720F81224DD43A80094BD4A /* Build configuration list for PBXNativeTarget "SMS_iOS_V1" */ = {
			isa = XCConfigurationList;
			buildConfigurations = (
				4720F81324DD43A80094BD4A /* Debug */,
				4720F81424DD43A80094BD4A /* Release */,
			);
			defaultConfigurationIsVisible = 0;
			defaultConfigurationName = Release;
		};
/* End XCConfigurationList section */
	};
	rootObject = 4720F7F624DD43A50094BD4A /* Project object */;
}
