{
  "object": {
    "pins": [
      {
        "package": "AesEverywhere",
        "repositoryURL": "https://github.com/mervick/aes-everywhere-swift.git",
        "state": {
          "branch": "master",
          "revision": "da404c123b4bbfdb3a700a94ac8e760ba94ded2b",
          "version": null
        }
      },
      {
        "package": "Cryptor",
        "repositoryURL": "https://github.com/IBM-Swift/BlueCryptor.git",
        "state": {
          "branch": null,
          "revision": "6e83ae419817e7272f2f80a7a005a26df366dd8e",
          "version": "1.0.31"
        }
      }
    ]
  },
  "version": 1
}
